// !$*UTF8*$!
{
	archiveVersion = 1;
	classes = {
	};
	objectVersion = 50;
	objects = {

/* Begin PBXBuildFile section */
		62F804E01295FDCC0533BE4B /* libPods-CoreAnimationDemo.a in Frameworks */ = {isa = PBXBuildFile; fileRef = 7470EA4C80154A008D75583F /* libPods-CoreAnimationDemo.a */; };
		C00F3ED5244EB61400578B92 /* AppDelegate.m in Sources */ = {isa = PBXBuildFile; fileRef = C00F3ED4244EB61400578B92 /* AppDelegate.m */; };
		C00F3EE0244EB61600578B92 /* Assets.xcassets in Resources */ = {isa = PBXBuildFile; fileRef = C00F3EDF244EB61600578B92 /* Assets.xcassets */; };
		C00F3EE6244EB61600578B92 /* main.m in Sources */ = {isa = PBXBuildFile; fileRef = C00F3EE5244EB61600578B92 /* main.m */; };
		C00F3EEE244EB6B800578B92 /* MainTableViewController.m in Sources */ = {isa = PBXBuildFile; fileRef = C00F3EED244EB6B800578B92 /* MainTableViewController.m */; };
		C00F3EF1244EBD9400578B92 /* Case0ViewController.m in Sources */ = {isa = PBXBuildFile; fileRef = C00F3EF0244EBD9400578B92 /* Case0ViewController.m */; };
		C00F3EF5244EC12F00578B92 /* Case1ViewController.m in Sources */ = {isa = PBXBuildFile; fileRef = C00F3EF4244EC12F00578B92 /* Case1ViewController.m */; };
/* End PBXBuildFile section */

/* Begin PBXFileReference section */
		0654F7523D46BBF60F18CCC2 /* Pods-CoreAnimationDemo.debug.xcconfig */ = {isa = PBXFileReference; includeInIndex = 1; lastKnownFileType = text.xcconfig; name = "Pods-CoreAnimationDemo.debug.xcconfig"; path = "Target Support Files/Pods-CoreAnimationDemo/Pods-CoreAnimationDemo.debug.xcconfig"; sourceTree = "<group>"; };
		7470EA4C80154A008D75583F /* libPods-CoreAnimationDemo.a */ = {isa = PBXFileReference; explicitFileType = archive.ar; includeInIndex = 0; path = "libPods-CoreAnimationDemo.a"; sourceTree = BUILT_PRODUCTS_DIR; };
		C00F3ED0244EB61400578B92 /* CoreAnimationDemo.app */ = {isa = PBXFileReference; explicitFileType = wrapper.application; includeInIndex = 0; path = CoreAnimationDemo.app; sourceTree = BUILT_PRODUCTS_DIR; };
		C00F3ED3244EB61400578B92 /* AppDelegate.h */ = {isa = PBXFileReference; lastKnownFileType = sourcecode.c.h; path = AppDelegate.h; sourceTree = "<group>"; };
		C00F3ED4244EB61400578B92 /* AppDelegate.m */ = {isa = PBXFileReference; lastKnownFileType = sourcecode.c.objc; path = AppDelegate.m; sourceTree = "<group>"; };
		C00F3EDF244EB61600578B92 /* Assets.xcassets */ = {isa = PBXFileReference; lastKnownFileType = folder.assetcatalog; path = Assets.xcassets; sourceTree = "<group>"; };
		C00F3EE4244EB61600578B92 /* Info.plist */ = {isa = PBXFileReference; lastKnownFileType = text.plist.xml; path = Info.plist; sourceTree = "<group>"; };
		C00F3EE5244EB61600578B92 /* main.m */ = {isa = PBXFileReference; lastKnownFileType = sourcecode.c.objc; path = main.m; sourceTree = "<group>"; };
		C00F3EEC244EB6B800578B92 /* MainTableViewController.h */ = {isa = PBXFileReference; lastKnownFileType = sourcecode.c.h; path = MainTableViewController.h; sourceTree = "<group>"; };
		C00F3EED244EB6B800578B92 /* MainTableViewController.m */ = {isa = PBXFileReference; lastKnownFileType = sourcecode.c.objc; path = MainTableViewController.m; sourceTree = "<group>"; };
		C00F3EEF244EBD9400578B92 /* Case0ViewController.h */ = {isa = PBXFileReference; lastKnownFileType = sourcecode.c.h; path = Case0ViewController.h; sourceTree = "<group>"; };
		C00F3EF0244EBD9400578B92 /* Case0ViewController.m */ = {isa = PBXFileReference; lastKnownFileType = sourcecode.c.objc; path = Case0ViewController.m; sourceTree = "<group>"; };
		C00F3EF3244EC12F00578B92 /* Case1ViewController.h */ = {isa = PBXFileReference; lastKnownFileType = sourcecode.c.h; path = Case1ViewController.h; sourceTree = "<group>"; };
		C00F3EF4244EC12F00578B92 /* Case1ViewController.m */ = {isa = PBXFileReference; lastKnownFileType = sourcecode.c.objc; path = Case1ViewController.m; sourceTree = "<group>"; };
		F2E7E9562B7AB0710714C080 /* Pods-CoreAnimationDemo.release.xcconfig */ = {isa = PBXFileReference; includeInIndex = 1; lastKnownFileType = text.xcconfig; name = "Pods-CoreAnimationDemo.release.xcconfig"; path = "Target Support Files/Pods-CoreAnimationDemo/Pods-CoreAnimationDemo.release.xcconfig"; sourceTree = "<group>"; };
/* End PBXFileReference section */

/* Begin PBXFrameworksBuildPhase section */
		C00F3ECD244EB61400578B92 /* Frameworks */ = {
			isa = PBXFrameworksBuildPhase;
			buildActionMask = 2147483647;
			files = (
				62F804E01295FDCC0533BE4B /* libPods-CoreAnimationDemo.a in Frameworks */,
			);
			runOnlyForDeploymentPostprocessing = 0;
		};
/* End PBXFrameworksBuildPhase section */

/* Begin PBXGroup section */
		859B7FFDDD32600E2BE1C99F /* Frameworks */ = {
			isa = PBXGroup;
			children = (
				7470EA4C80154A008D75583F /* libPods-CoreAnimationDemo.a */,
			);
			name = Frameworks;
			sourceTree = "<group>";
		};
		C00F3EC7244EB61400578B92 = {
			isa = PBXGroup;
			children = (
				C00F3ED2244EB61400578B92 /* CoreAnimationDemo */,
				C00F3ED1244EB61400578B92 /* Products */,
				FBA2293950D98BEFF0266A25 /* Pods */,
				859B7FFDDD32600E2BE1C99F /* Frameworks */,
			);
			sourceTree = "<group>";
		};
		C00F3ED1244EB61400578B92 /* Products */ = {
			isa = PBXGroup;
			children = (
				C00F3ED0244EB61400578B92 /* CoreAnimationDemo.app */,
			);
			name = Products;
			sourceTree = "<group>";
		};
		C00F3ED2244EB61400578B92 /* CoreAnimationDemo */ = {
			isa = PBXGroup;
			children = (
				C00F3EF2244EBD9A00578B92 /* Case */,
				C00F3EEC244EB6B800578B92 /* MainTableViewController.h */,
				C00F3EED244EB6B800578B92 /* MainTableViewController.m */,
				C00F3ED3244EB61400578B92 /* AppDelegate.h */,
				C00F3ED4244EB61400578B92 /* AppDelegate.m */,
				C00F3EDF244EB61600578B92 /* Assets.xcassets */,
				C00F3EE4244EB61600578B92 /* Info.plist */,
				C00F3EE5244EB61600578B92 /* main.m */,
			);
			path = CoreAnimationDemo;
			sourceTree = "<group>";
		};
		C00F3EF2244EBD9A00578B92 /* Case */ = {
			isa = PBXGroup;
			children = (
				C00F3EEF244EBD9400578B92 /* Case0ViewController.h */,
				C00F3EF0244EBD9400578B92 /* Case0ViewController.m */,
				C00F3EF3244EC12F00578B92 /* Case1ViewController.h */,
				C00F3EF4244EC12F00578B92 /* Case1ViewController.m */,
			);
			path = Case;
			sourceTree = "<group>";
		};
		FBA2293950D98BEFF0266A25 /* Pods */ = {
			isa = PBXGroup;
			children = (
				0654F7523D46BBF60F18CCC2 /* Pods-CoreAnimationDemo.debug.xcconfig */,
				F2E7E9562B7AB0710714C080 /* Pods-CoreAnimationDemo.release.xcconfig */,
			);
			path = Pods;
			sourceTree = "<group>";
		};
/* End PBXGroup section */

/* Begin PBXNativeTarget section */
		C00F3ECF244EB61400578B92 /* CoreAnimationDemo */ = {
			isa = PBXNativeTarget;
			buildConfigurationList = C00F3EE9244EB61600578B92 /* Build configuration list for PBXNativeTarget "CoreAnimationDemo" */;
			buildPhases = (
				C944725A7342266A90D1187F /* [CP] Check Pods Manifest.lock */,
				C00F3ECC244EB61400578B92 /* Sources */,
				C00F3ECD244EB61400578B92 /* Frameworks */,
				C00F3ECE244EB61400578B92 /* Resources */,
			);
			buildRules = (
			);
			dependencies = (
			);
			name = CoreAnimationDemo;
			productName = CoreAnimationDemo;
			productReference = C00F3ED0244EB61400578B92 /* CoreAnimationDemo.app */;
			productType = "com.apple.product-type.application";
		};
/* End PBXNativeTarget section */

/* Begin PBXProject section */
		C00F3EC8244EB61400578B92 /* Project object */ = {
			isa = PBXProject;
			attributes = {
				LastUpgradeCheck = 1140;
				ORGANIZATIONNAME = "谷琪";
				TargetAttributes = {
					C00F3ECF244EB61400578B92 = {
						CreatedOnToolsVersion = 11.4.1;
					};
				};
			};
			buildConfigurationList = C00F3ECB244EB61400578B92 /* Build configuration list for PBXProject "CoreAnimationDemo" */;
			compatibilityVersion = "Xcode 9.3";
			developmentRegion = en;
			hasScannedForEncodings = 0;
			knownRegions = (
				en,
				Base,
			);
			mainGroup = C00F3EC7244EB61400578B92;
			productRefGroup = C00F3ED1244EB61400578B92 /* Products */;
			projectDirPath = "";
			projectRoot = "";
			targets = (
				C00F3ECF244EB61400578B92 /* CoreAnimationDemo */,
			);
		};
/* End PBXProject section */

/* Begin PBXResourcesBuildPhase section */
		C00F3ECE244EB61400578B92 /* Resources */ = {
			isa = PBXResourcesBuildPhase;
			buildActionMask = 2147483647;
			files = (
				C00F3EE0244EB61600578B92 /* Assets.xcassets in Resources */,
			);
			runOnlyForDeploymentPostprocessing = 0;
		};
/* End PBXResourcesBuildPhase section */

/* Begin PBXShellScriptBuildPhase section */
		C944725A7342266A90D1187F /* [CP] Check Pods Manifest.lock */ = {
			isa = PBXShellScriptBuildPhase;
			buildActionMask = 2147483647;
			files = (
			);
			inputFileListPaths = (
			);
			inputPaths = (
				"${PODS_PODFILE_DIR_PATH}/Podfile.lock",
				"${PODS_ROOT}/Manifest.lock",
			);
			name = "[CP] Check Pods Manifest.lock";
			outputFileListPaths = (
			);
			outputPaths = (
				"$(DERIVED_FILE_DIR)/Pods-CoreAnimationDemo-checkManifestLockResult.txt",
			);
			runOnlyForDeploymentPostprocessing = 0;
			shellPath = /bin/sh;
			shellScript = "diff \"${PODS_PODFILE_DIR_PATH}/Podfile.lock\" \"${PODS_ROOT}/Manifest.lock\" > /dev/null\nif [ $? != 0 ] ; then\n    # print error to STDERR\n    echo \"error: The sandbox is not in sync with the Podfile.lock. Run 'pod install' or update your CocoaPods installation.\" >&2\n    exit 1\nfi\n# This output is used by Xcode 'outputs' to avoid re-running this script phase.\necho \"SUCCESS\" > \"${SCRIPT_OUTPUT_FILE_0}\"\n";
			showEnvVarsInLog = 0;
		};
/* End PBXShellScriptBuildPhase section */

/* Begin PBXSourcesBuildPhase section */
		C00F3ECC244EB61400578B92 /* Sources */ = {
			isa = PBXSourcesBuildPhase;
			buildActionMask = 2147483647;
			files = (
				C00F3ED5244EB61400578B92 /* AppDelegate.m in Sources */,
				C00F3EE6244EB61600578B92 /* main.m in Sources */,
				C00F3EEE244EB6B800578B92 /* MainTableViewController.m in Sources */,
				C00F3EF5244EC12F00578B92 /* Case1ViewController.m in Sources */,
				C00F3EF1244EBD9400578B92 /* Case0ViewController.m in Sources */,
			);
			runOnlyForDeploymentPostprocessing = 0;
		};
/* End PBXSourcesBuildPhase section */

/* Begin XCBuildConfiguration section */
		C00F3EE7244EB61600578B92 /* Debug */ = {
			isa = XCBuildConfiguration;
			buildSettings = {
				ALWAYS_SEARCH_USER_PATHS = NO;
				CLANG_ANALYZER_NONNULL = YES;
				CLANG_ANALYZER_NUMBER_OBJECT_CONVERSION = YES_AGGRESSIVE;
				CLANG_CXX_LANGUAGE_STANDARD = "gnu++14";
				CLANG_CXX_LIBRARY = "libc++";
				CLANG_ENABLE_MODULES = YES;
				CLANG_ENABLE_OBJC_ARC = YES;
				CLANG_ENABLE_OBJC_WEAK = YES;
				CLANG_WARN_BLOCK_CAPTURE_AUTORELEASING = YES;
				CLANG_WARN_BOOL_CONVERSION = YES;
				CLANG_WARN_COMMA = YES;
				CLANG_WARN_CONSTANT_CONVERSION = YES;
				CLANG_WARN_DEPRECATED_OBJC_IMPLEMENTATIONS = YES;
				CLANG_WARN_DIRECT_OBJC_ISA_USAGE = YES_ERROR;
				CLANG_WARN_DOCUMENTATION_COMMENTS = YES;
				CLANG_WARN_EMPTY_BODY = YES;
				CLANG_WARN_ENUM_CONVERSION = YES;
				CLANG_WARN_INFINITE_RECURSION = YES;
				CLANG_WARN_INT_CONVERSION = YES;
				CLANG_WARN_NON_LITERAL_NULL_CONVERSION = YES;
				CLANG_WARN_OBJC_IMPLICIT_RETAIN_SELF = YES;
				CLANG_WARN_OBJC_LITERAL_CONVERSION = YES;
				CLANG_WARN_OBJC_ROOT_CLASS = YES_ERROR;
				CLANG_WARN_RANGE_LOOP_ANALYSIS = YES;
				CLANG_WARN_STRICT_PROTOTYPES = YES;
				CLANG_WARN_SUSPICIOUS_MOVE = YES;
				CLANG_WARN_UNGUARDED_AVAILABILITY = YES_AGGRESSIVE;
				CLANG_WARN_UNREACHABLE_CODE = YES;
				CLANG_WARN__DUPLICATE_METHOD_MATCH = YES;
				COPY_PHASE_STRIP = NO;
				DEBUG_INFORMATION_FORMAT = dwarf;
				ENABLE_STRICT_OBJC_MSGSEND = YES;
				ENABLE_TESTABILITY = YES;
				GCC_C_LANGUAGE_STANDARD = gnu11;
				GCC_DYNAMIC_NO_PIC = NO;
				GCC_NO_COMMON_BLOCKS = YES;
				GCC_OPTIMIZATION_LEVEL = 0;
				GCC_PREPROCESSOR_DEFINITIONS = (
					"DEBUG=1",
					"$(inherited)",
				);
				GCC_WARN_64_TO_32_BIT_CONVERSION = YES;
				GCC_WARN_ABOUT_RETURN_TYPE = YES_ERROR;
				GCC_WARN_UNDECLARED_SELECTOR = YES;
				GCC_WARN_UNINITIALIZED_AUTOS = YES_AGGRESSIVE;
				GCC_WARN_UNUSED_FUNCTION = YES;
				GCC_WARN_UNUSED_VARIABLE = YES;
				IPHONEOS_DEPLOYMENT_TARGET = 13.4;
				MTL_ENABLE_DEBUG_INFO = INCLUDE_SOURCE;
				MTL_FAST_MATH = YES;
				ONLY_ACTIVE_ARCH = YES;
				SDKROOT = iphoneos;
			};
			name = Debug;
		};
		C00F3EE8244EB61600578B92 /* Release */ = {
			isa = XCBuildConfiguration;
			buildSettings = {
				ALWAYS_SEARCH_USER_PATHS = NO;
				CLANG_ANALYZER_NONNULL = YES;
				CLANG_ANALYZER_NUMBER_OBJECT_CONVERSION = YES_AGGRESSIVE;
				CLANG_CXX_LANGUAGE_STANDARD = "gnu++14";
				CLANG_CXX_LIBRARY = "libc++";
				CLANG_ENABLE_MODULES = YES;
				CLANG_ENABLE_OBJC_ARC = YES;
				CLANG_ENABLE_OBJC_WEAK = YES;
				CLANG_WARN_BLOCK_CAPTURE_AUTORELEASING = YES;
				CLANG_WARN_BOOL_CONVERSION = YES;
				CLANG_WARN_COMMA = YES;
				CLANG_WARN_CONSTANT_CONVERSION = YES;
				CLANG_WARN_DEPRECATED_OBJC_IMPLEMENTATIONS = YES;
				CLANG_WARN_DIRECT_OBJC_ISA_USAGE = YES_ERROR;
				CLANG_WARN_DOCUMENTATION_COMMENTS = YES;
				CLANG_WARN_EMPTY_BODY = YES;
				CLANG_WARN_ENUM_CONVERSION = YES;
				CLANG_WARN_INFINITE_RECURSION = YES;
				CLANG_WARN_INT_CONVERSION = YES;
				CLANG_WARN_NON_LITERAL_NULL_CONVERSION = YES;
				CLANG_WARN_OBJC_IMPLICIT_RETAIN_SELF = YES;
				CLANG_WARN_OBJC_LITERAL_CONVERSION = YES;
				CLANG_WARN_OBJC_ROOT_CLASS = YES_ERROR;
				CLANG_WARN_RANGE_LOOP_ANALYSIS = YES;
				CLANG_WARN_STRICT_PROTOTYPES = YES;
				CLANG_WARN_SUSPICIOUS_MOVE = YES;
				CLANG_WARN_UNGUARDED_AVAILABILITY = YES_AGGRESSIVE;
				CLANG_WARN_UNREACHABLE_CODE = YES;
				CLANG_WARN__DUPLICATE_METHOD_MATCH = YES;
				COPY_PHASE_STRIP = NO;
				DEBUG_INFORMATION_FORMAT = "dwarf-with-dsym";
				ENABLE_NS_ASSERTIONS = NO;
				ENABLE_STRICT_OBJC_MSGSEND = YES;
				GCC_C_LANGUAGE_STANDARD = gnu11;
				GCC_NO_COMMON_BLOCKS = YES;
				GCC_WARN_64_TO_32_BIT_CONVERSION = YES;
				GCC_WARN_ABOUT_RETURN_TYPE = YES_ERROR;
				GCC_WARN_UNDECLARED_SELECTOR = YES;
				GCC_WARN_UNINITIALIZED_AUTOS = YES_AGGRESSIVE;
				GCC_WARN_UNUSED_FUNCTION = YES;
				GCC_WARN_UNUSED_VARIABLE = YES;
				IPHONEOS_DEPLOYMENT_TARGET = 13.4;
				MTL_ENABLE_DEBUG_INFO = NO;
				MTL_FAST_MATH = YES;
				SDKROOT = iphoneos;
				VALIDATE_PRODUCT = YES;
			};
			name = Release;
		};
		C00F3EEA244EB61600578B92 /* Debug */ = {
			isa = XCBuildConfiguration;
			baseConfigurationReference = 0654F7523D46BBF60F18CCC2 /* Pods-CoreAnimationDemo.debug.xcconfig */;
			buildSettings = {
				ASSETCATALOG_COMPILER_APPICON_NAME = AppIcon;
				CODE_SIGN_STYLE = Automatic;
				INFOPLIST_FILE = CoreAnimationDemo/Info.plist;
				LD_RUNPATH_SEARCH_PATHS = (
					"$(inherited)",
					"@executable_path/Frameworks",
				);
				PRODUCT_BUNDLE_IDENTIFIER = individual.guqi.CoreAnimationDemo;
				PRODUCT_NAME = "$(TARGET_NAME)";
				TARGETED_DEVICE_FAMILY = "1,2";
			};
			name = Debug;
		};
		C00F3EEB244EB61600578B92 /* Release */ = {
			isa = XCBuildConfiguration;
			baseConfigurationReference = F2E7E9562B7AB0710714C080 /* Pods-CoreAnimationDemo.release.xcconfig */;
			buildSettings = {
				ASSETCATALOG_COMPILER_APPICON_NAME = AppIcon;
				CODE_SIGN_STYLE = Automatic;
				INFOPLIST_FILE = CoreAnimationDemo/Info.plist;
				LD_RUNPATH_SEARCH_PATHS = (
					"$(inherited)",
					"@executable_path/Frameworks",
				);
				PRODUCT_BUNDLE_IDENTIFIER = individual.guqi.CoreAnimationDemo;
				PRODUCT_NAME = "$(TARGET_NAME)";
				TARGETED_DEVICE_FAMILY = "1,2";
			};
			name = Release;
		};
/* End XCBuildConfiguration section */

/* Begin XCConfigurationList section */
		C00F3ECB244EB61400578B92 /* Build configuration list for PBXProject "CoreAnimationDemo" */ = {
			isa = XCConfigurationList;
			buildConfigurations = (
				C00F3EE7244EB61600578B92 /* Debug */,
				C00F3EE8244EB61600578B92 /* Release */,
			);
			defaultConfigurationIsVisible = 0;
			defaultConfigurationName = Release;
		};
		C00F3EE9244EB61600578B92 /* Build configuration list for PBXNativeTarget "CoreAnimationDemo" */ = {
			isa = XCConfigurationList;
			buildConfigurations = (
				C00F3EEA244EB61600578B92 /* Debug */,
				C00F3EEB244EB61600578B92 /* Release */,
			);
			defaultConfigurationIsVisible = 0;
			defaultConfigurationName = Release;
		};
/* End XCConfigurationList section */
	};
	rootObject = C00F3EC8244EB61400578B92 /* Project object */;
}
