// !$*UTF8*$!
{
	archiveVersion = 1;
	classes = {
	};
	objectVersion = 50;
	objects = {

/* Begin PBXBuildFile section */
		B7F53454C45F23F73A37F164 /* libPods-ExerciseDemo.a in Frameworks */ = {isa = PBXBuildFile; fileRef = 6EB1D615BF1142C51D2C23C8 /* libPods-ExerciseDemo.a */; };
		C01DE2B72445CE5700BD89C0 /* AppDelegate.m in Sources */ = {isa = PBXBuildFile; fileRef = C01DE2B62445CE5700BD89C0 /* AppDelegate.m */; };
		C01DE2C22445CE5800BD89C0 /* Assets.xcassets in Resources */ = {isa = PBXBuildFile; fileRef = C01DE2C12445CE5800BD89C0 /* Assets.xcassets */; };
		C01DE2C82445CE5800BD89C0 /* main.m in Sources */ = {isa = PBXBuildFile; fileRef = C01DE2C72445CE5800BD89C0 /* main.m */; };
		C03004262448154200314194 /* Case3CollectionViewController.m in Sources */ = {isa = PBXBuildFile; fileRef = C03004252448154200314194 /* Case3CollectionViewController.m */; };
		C03004292448300F00314194 /* Case3Model.m in Sources */ = {isa = PBXBuildFile; fileRef = C03004282448300E00314194 /* Case3Model.m */; };
		C030042F2448334600314194 /* Case3CollectionHeaderView.m in Sources */ = {isa = PBXBuildFile; fileRef = C030042E2448334600314194 /* Case3CollectionHeaderView.m */; };
		C0300432244833A400314194 /* Case3CollectionFooterView.m in Sources */ = {isa = PBXBuildFile; fileRef = C0300431244833A400314194 /* Case3CollectionFooterView.m */; };
		C0300435244833E300314194 /* Case3CollectionViewCell.m in Sources */ = {isa = PBXBuildFile; fileRef = C0300434244833E300314194 /* Case3CollectionViewCell.m */; };
		C030043824485F2B00314194 /* Case2TableViewController.m in Sources */ = {isa = PBXBuildFile; fileRef = C030043724485F2B00314194 /* Case2TableViewController.m */; };
		C030043B24485F9000314194 /* Case2TableViewCell.m in Sources */ = {isa = PBXBuildFile; fileRef = C030043A24485F9000314194 /* Case2TableViewCell.m */; };
		C030043E24485FC400314194 /* Case2Model.m in Sources */ = {isa = PBXBuildFile; fileRef = C030043D24485FC400314194 /* Case2Model.m */; };
		C0AD042F2446FF1C000DC425 /* Case1ViewController.m in Sources */ = {isa = PBXBuildFile; fileRef = C0AD042E2446FF1C000DC425 /* Case1ViewController.m */; };
		C0AD043224470609000DC425 /* MainViewController.m in Sources */ = {isa = PBXBuildFile; fileRef = C0AD043124470609000DC425 /* MainViewController.m */; };
/* End PBXBuildFile section */

/* Begin PBXFileReference section */
		3AD1D14EDE28C771FA12E94F /* Pods-ExerciseDemo.release.xcconfig */ = {isa = PBXFileReference; includeInIndex = 1; lastKnownFileType = text.xcconfig; name = "Pods-ExerciseDemo.release.xcconfig"; path = "Target Support Files/Pods-ExerciseDemo/Pods-ExerciseDemo.release.xcconfig"; sourceTree = "<group>"; };
		4D7BA8006E95DD6565DA3F9F /* Pods-ExerciseDemo.debug.xcconfig */ = {isa = PBXFileReference; includeInIndex = 1; lastKnownFileType = text.xcconfig; name = "Pods-ExerciseDemo.debug.xcconfig"; path = "Target Support Files/Pods-ExerciseDemo/Pods-ExerciseDemo.debug.xcconfig"; sourceTree = "<group>"; };
		6EB1D615BF1142C51D2C23C8 /* libPods-ExerciseDemo.a */ = {isa = PBXFileReference; explicitFileType = archive.ar; includeInIndex = 0; path = "libPods-ExerciseDemo.a"; sourceTree = BUILT_PRODUCTS_DIR; };
		C01DE2B22445CE5700BD89C0 /* ExerciseDemo.app */ = {isa = PBXFileReference; explicitFileType = wrapper.application; includeInIndex = 0; path = ExerciseDemo.app; sourceTree = BUILT_PRODUCTS_DIR; };
		C01DE2B52445CE5700BD89C0 /* AppDelegate.h */ = {isa = PBXFileReference; lastKnownFileType = sourcecode.c.h; path = AppDelegate.h; sourceTree = "<group>"; };
		C01DE2B62445CE5700BD89C0 /* AppDelegate.m */ = {isa = PBXFileReference; lastKnownFileType = sourcecode.c.objc; path = AppDelegate.m; sourceTree = "<group>"; };
		C01DE2C12445CE5800BD89C0 /* Assets.xcassets */ = {isa = PBXFileReference; lastKnownFileType = folder.assetcatalog; path = Assets.xcassets; sourceTree = "<group>"; };
		C01DE2C62445CE5800BD89C0 /* Info.plist */ = {isa = PBXFileReference; lastKnownFileType = text.plist.xml; path = Info.plist; sourceTree = "<group>"; };
		C01DE2C72445CE5800BD89C0 /* main.m */ = {isa = PBXFileReference; lastKnownFileType = sourcecode.c.objc; path = main.m; sourceTree = "<group>"; };
		C03004242448154200314194 /* Case3CollectionViewController.h */ = {isa = PBXFileReference; lastKnownFileType = sourcecode.c.h; path = Case3CollectionViewController.h; sourceTree = "<group>"; };
		C03004252448154200314194 /* Case3CollectionViewController.m */ = {isa = PBXFileReference; lastKnownFileType = sourcecode.c.objc; path = Case3CollectionViewController.m; sourceTree = "<group>"; };
		C03004272448300E00314194 /* Case3Model.h */ = {isa = PBXFileReference; lastKnownFileType = sourcecode.c.h; path = Case3Model.h; sourceTree = "<group>"; };
		C03004282448300E00314194 /* Case3Model.m */ = {isa = PBXFileReference; lastKnownFileType = sourcecode.c.objc; path = Case3Model.m; sourceTree = "<group>"; };
		C030042D2448334600314194 /* Case3CollectionHeaderView.h */ = {isa = PBXFileReference; lastKnownFileType = sourcecode.c.h; path = Case3CollectionHeaderView.h; sourceTree = "<group>"; };
		C030042E2448334600314194 /* Case3CollectionHeaderView.m */ = {isa = PBXFileReference; lastKnownFileType = sourcecode.c.objc; path = Case3CollectionHeaderView.m; sourceTree = "<group>"; };
		C0300430244833A400314194 /* Case3CollectionFooterView.h */ = {isa = PBXFileReference; lastKnownFileType = sourcecode.c.h; path = Case3CollectionFooterView.h; sourceTree = "<group>"; };
		C0300431244833A400314194 /* Case3CollectionFooterView.m */ = {isa = PBXFileReference; lastKnownFileType = sourcecode.c.objc; path = Case3CollectionFooterView.m; sourceTree = "<group>"; };
		C0300433244833E300314194 /* Case3CollectionViewCell.h */ = {isa = PBXFileReference; lastKnownFileType = sourcecode.c.h; path = Case3CollectionViewCell.h; sourceTree = "<group>"; };
		C0300434244833E300314194 /* Case3CollectionViewCell.m */ = {isa = PBXFileReference; lastKnownFileType = sourcecode.c.objc; path = Case3CollectionViewCell.m; sourceTree = "<group>"; };
		C030043624485F2B00314194 /* Case2TableViewController.h */ = {isa = PBXFileReference; lastKnownFileType = sourcecode.c.h; path = Case2TableViewController.h; sourceTree = "<group>"; };
		C030043724485F2B00314194 /* Case2TableViewController.m */ = {isa = PBXFileReference; lastKnownFileType = sourcecode.c.objc; path = Case2TableViewController.m; sourceTree = "<group>"; };
		C030043924485F9000314194 /* Case2TableViewCell.h */ = {isa = PBXFileReference; lastKnownFileType = sourcecode.c.h; path = Case2TableViewCell.h; sourceTree = "<group>"; };
		C030043A24485F9000314194 /* Case2TableViewCell.m */ = {isa = PBXFileReference; lastKnownFileType = sourcecode.c.objc; path = Case2TableViewCell.m; sourceTree = "<group>"; };
		C030043C24485FC400314194 /* Case2Model.h */ = {isa = PBXFileReference; lastKnownFileType = sourcecode.c.h; path = Case2Model.h; sourceTree = "<group>"; };
		C030043D24485FC400314194 /* Case2Model.m */ = {isa = PBXFileReference; lastKnownFileType = sourcecode.c.objc; path = Case2Model.m; sourceTree = "<group>"; };
		C0AD042D2446FF1C000DC425 /* Case1ViewController.h */ = {isa = PBXFileReference; lastKnownFileType = sourcecode.c.h; path = Case1ViewController.h; sourceTree = "<group>"; };
		C0AD042E2446FF1C000DC425 /* Case1ViewController.m */ = {isa = PBXFileReference; lastKnownFileType = sourcecode.c.objc; path = Case1ViewController.m; sourceTree = "<group>"; };
		C0AD043024470609000DC425 /* MainViewController.h */ = {isa = PBXFileReference; lastKnownFileType = sourcecode.c.h; path = MainViewController.h; sourceTree = "<group>"; };
		C0AD043124470609000DC425 /* MainViewController.m */ = {isa = PBXFileReference; lastKnownFileType = sourcecode.c.objc; path = MainViewController.m; sourceTree = "<group>"; };
/* End PBXFileReference section */

/* Begin PBXFrameworksBuildPhase section */
		C01DE2AF2445CE5700BD89C0 /* Frameworks */ = {
			isa = PBXFrameworksBuildPhase;
			buildActionMask = 2147483647;
			files = (
				B7F53454C45F23F73A37F164 /* libPods-ExerciseDemo.a in Frameworks */,
			);
			runOnlyForDeploymentPostprocessing = 0;
		};
/* End PBXFrameworksBuildPhase section */

/* Begin PBXGroup section */
		4F22CDFF84F55B156C0C7D55 /* Pods */ = {
			isa = PBXGroup;
			children = (
				4D7BA8006E95DD6565DA3F9F /* Pods-ExerciseDemo.debug.xcconfig */,
				3AD1D14EDE28C771FA12E94F /* Pods-ExerciseDemo.release.xcconfig */,
			);
			path = Pods;
			sourceTree = "<group>";
		};
		BF5035199C0D8157AC7F9C36 /* Frameworks */ = {
			isa = PBXGroup;
			children = (
				6EB1D615BF1142C51D2C23C8 /* libPods-ExerciseDemo.a */,
			);
			name = Frameworks;
			sourceTree = "<group>";
		};
		C01DE2A92445CE5700BD89C0 = {
			isa = PBXGroup;
			children = (
				C01DE2B42445CE5700BD89C0 /* ExerciseDemo */,
				C01DE2B32445CE5700BD89C0 /* Products */,
				4F22CDFF84F55B156C0C7D55 /* Pods */,
				BF5035199C0D8157AC7F9C36 /* Frameworks */,
			);
			sourceTree = "<group>";
		};
		C01DE2B32445CE5700BD89C0 /* Products */ = {
			isa = PBXGroup;
			children = (
				C01DE2B22445CE5700BD89C0 /* ExerciseDemo.app */,
			);
			name = Products;
			sourceTree = "<group>";
		};
		C01DE2B42445CE5700BD89C0 /* ExerciseDemo */ = {
			isa = PBXGroup;
			children = (
				C030042C2448312300314194 /* Case */,
				C030042B2448304C00314194 /* Model */,
				C0AD043024470609000DC425 /* MainViewController.h */,
				C0AD043124470609000DC425 /* MainViewController.m */,
				C01DE2B52445CE5700BD89C0 /* AppDelegate.h */,
				C01DE2B62445CE5700BD89C0 /* AppDelegate.m */,
				C01DE2C72445CE5800BD89C0 /* main.m */,
				C01DE2C12445CE5800BD89C0 /* Assets.xcassets */,
				C01DE2C62445CE5800BD89C0 /* Info.plist */,
			);
			path = ExerciseDemo;
			sourceTree = "<group>";
		};
		C030042B2448304C00314194 /* Model */ = {
			isa = PBXGroup;
			children = (
				C030043C24485FC400314194 /* Case2Model.h */,
				C030043D24485FC400314194 /* Case2Model.m */,
				C03004272448300E00314194 /* Case3Model.h */,
				C03004282448300E00314194 /* Case3Model.m */,
			);
			path = Model;
			sourceTree = "<group>";
		};
		C030042C2448312300314194 /* Case */ = {
			isa = PBXGroup;
			children = (
				C0AD042D2446FF1C000DC425 /* Case1ViewController.h */,
				C0AD042E2446FF1C000DC425 /* Case1ViewController.m */,
				C030043624485F2B00314194 /* Case2TableViewController.h */,
				C030043724485F2B00314194 /* Case2TableViewController.m */,
				C030043924485F9000314194 /* Case2TableViewCell.h */,
				C030043A24485F9000314194 /* Case2TableViewCell.m */,
				C03004242448154200314194 /* Case3CollectionViewController.h */,
				C03004252448154200314194 /* Case3CollectionViewController.m */,
				C0300433244833E300314194 /* Case3CollectionViewCell.h */,
				C0300434244833E300314194 /* Case3CollectionViewCell.m */,
				C030042D2448334600314194 /* Case3CollectionHeaderView.h */,
				C030042E2448334600314194 /* Case3CollectionHeaderView.m */,
				C0300430244833A400314194 /* Case3CollectionFooterView.h */,
				C0300431244833A400314194 /* Case3CollectionFooterView.m */,
			);
			path = Case;
			sourceTree = "<group>";
		};
/* End PBXGroup section */

/* Begin PBXNativeTarget section */
		C01DE2B12445CE5700BD89C0 /* ExerciseDemo */ = {
			isa = PBXNativeTarget;
			buildConfigurationList = C01DE2CB2445CE5800BD89C0 /* Build configuration list for PBXNativeTarget "ExerciseDemo" */;
			buildPhases = (
				C54E6E18295E041D61FFE7DA /* [CP] Check Pods Manifest.lock */,
				C01DE2AE2445CE5700BD89C0 /* Sources */,
				C01DE2AF2445CE5700BD89C0 /* Frameworks */,
				C01DE2B02445CE5700BD89C0 /* Resources */,
			);
			buildRules = (
			);
			dependencies = (
			);
			name = ExerciseDemo;
			productName = ExerciseDemo;
			productReference = C01DE2B22445CE5700BD89C0 /* ExerciseDemo.app */;
			productType = "com.apple.product-type.application";
		};
/* End PBXNativeTarget section */

/* Begin PBXProject section */
		C01DE2AA2445CE5700BD89C0 /* Project object */ = {
			isa = PBXProject;
			attributes = {
				LastUpgradeCheck = 1140;
				ORGANIZATIONNAME = "谷琪";
				TargetAttributes = {
					C01DE2B12445CE5700BD89C0 = {
						CreatedOnToolsVersion = 11.4;
					};
				};
			};
			buildConfigurationList = C01DE2AD2445CE5700BD89C0 /* Build configuration list for PBXProject "ExerciseDemo" */;
			compatibilityVersion = "Xcode 9.3";
			developmentRegion = en;
			hasScannedForEncodings = 0;
			knownRegions = (
				en,
				Base,
			);
			mainGroup = C01DE2A92445CE5700BD89C0;
			productRefGroup = C01DE2B32445CE5700BD89C0 /* Products */;
			projectDirPath = "";
			projectRoot = "";
			targets = (
				C01DE2B12445CE5700BD89C0 /* ExerciseDemo */,
			);
		};
/* End PBXProject section */

/* Begin PBXResourcesBuildPhase section */
		C01DE2B02445CE5700BD89C0 /* Resources */ = {
			isa = PBXResourcesBuildPhase;
			buildActionMask = 2147483647;
			files = (
				C01DE2C22445CE5800BD89C0 /* Assets.xcassets in Resources */,
			);
			runOnlyForDeploymentPostprocessing = 0;
		};
/* End PBXResourcesBuildPhase section */

/* Begin PBXShellScriptBuildPhase section */
		C54E6E18295E041D61FFE7DA /* [CP] Check Pods Manifest.lock */ = {
			isa = PBXShellScriptBuildPhase;
			buildActionMask = 2147483647;
			files = (
			);
			inputFileListPaths = (
			);
			inputPaths = (
				"${PODS_PODFILE_DIR_PATH}/Podfile.lock",
				"${PODS_ROOT}/Manifest.lock",
			);
			name = "[CP] Check Pods Manifest.lock";
			outputFileListPaths = (
			);
			outputPaths = (
				"$(DERIVED_FILE_DIR)/Pods-ExerciseDemo-checkManifestLockResult.txt",
			);
			runOnlyForDeploymentPostprocessing = 0;
			shellPath = /bin/sh;
			shellScript = "diff \"${PODS_PODFILE_DIR_PATH}/Podfile.lock\" \"${PODS_ROOT}/Manifest.lock\" > /dev/null\nif [ $? != 0 ] ; then\n    # print error to STDERR\n    echo \"error: The sandbox is not in sync with the Podfile.lock. Run 'pod install' or update your CocoaPods installation.\" >&2\n    exit 1\nfi\n# This output is used by Xcode 'outputs' to avoid re-running this script phase.\necho \"SUCCESS\" > \"${SCRIPT_OUTPUT_FILE_0}\"\n";
			showEnvVarsInLog = 0;
		};
/* End PBXShellScriptBuildPhase section */

/* Begin PBXSourcesBuildPhase section */
		C01DE2AE2445CE5700BD89C0 /* Sources */ = {
			isa = PBXSourcesBuildPhase;
			buildActionMask = 2147483647;
			files = (
				C0AD042F2446FF1C000DC425 /* Case1ViewController.m in Sources */,
				C030042F2448334600314194 /* Case3CollectionHeaderView.m in Sources */,
				C030043E24485FC400314194 /* Case2Model.m in Sources */,
				C0300435244833E300314194 /* Case3CollectionViewCell.m in Sources */,
				C01DE2B72445CE5700BD89C0 /* AppDelegate.m in Sources */,
				C03004262448154200314194 /* Case3CollectionViewController.m in Sources */,
				C0300432244833A400314194 /* Case3CollectionFooterView.m in Sources */,
				C030043B24485F9000314194 /* Case2TableViewCell.m in Sources */,
				C030043824485F2B00314194 /* Case2TableViewController.m in Sources */,
				C0AD043224470609000DC425 /* MainViewController.m in Sources */,
				C01DE2C82445CE5800BD89C0 /* main.m in Sources */,
				C03004292448300F00314194 /* Case3Model.m in Sources */,
			);
			runOnlyForDeploymentPostprocessing = 0;
		};
/* End PBXSourcesBuildPhase section */

/* Begin XCBuildConfiguration section */
		C01DE2C92445CE5800BD89C0 /* Debug */ = {
			isa = XCBuildConfiguration;
			buildSettings = {
				ALWAYS_SEARCH_USER_PATHS = NO;
				CLANG_ANALYZER_NONNULL = YES;
				CLANG_ANALYZER_NUMBER_OBJECT_CONVERSION = YES_AGGRESSIVE;
				CLANG_CXX_LANGUAGE_STANDARD = "gnu++14";
				CLANG_CXX_LIBRARY = "libc++";
				CLANG_ENABLE_MODULES = YES;
				CLANG_ENABLE_OBJC_ARC = YES;
				CLANG_ENABLE_OBJC_WEAK = YES;
				CLANG_WARN_BLOCK_CAPTURE_AUTORELEASING = YES;
				CLANG_WARN_BOOL_CONVERSION = YES;
				CLANG_WARN_COMMA = YES;
				CLANG_WARN_CONSTANT_CONVERSION = YES;
				CLANG_WARN_DEPRECATED_OBJC_IMPLEMENTATIONS = YES;
				CLANG_WARN_DIRECT_OBJC_ISA_USAGE = YES_ERROR;
				CLANG_WARN_DOCUMENTATION_COMMENTS = YES;
				CLANG_WARN_EMPTY_BODY = YES;
				CLANG_WARN_ENUM_CONVERSION = YES;
				CLANG_WARN_INFINITE_RECURSION = YES;
				CLANG_WARN_INT_CONVERSION = YES;
				CLANG_WARN_NON_LITERAL_NULL_CONVERSION = YES;
				CLANG_WARN_OBJC_IMPLICIT_RETAIN_SELF = YES;
				CLANG_WARN_OBJC_LITERAL_CONVERSION = YES;
				CLANG_WARN_OBJC_ROOT_CLASS = YES_ERROR;
				CLANG_WARN_RANGE_LOOP_ANALYSIS = YES;
				CLANG_WARN_STRICT_PROTOTYPES = YES;
				CLANG_WARN_SUSPICIOUS_MOVE = YES;
				CLANG_WARN_UNGUARDED_AVAILABILITY = YES_AGGRESSIVE;
				CLANG_WARN_UNREACHABLE_CODE = YES;
				CLANG_WARN__DUPLICATE_METHOD_MATCH = YES;
				COPY_PHASE_STRIP = NO;
				DEBUG_INFORMATION_FORMAT = dwarf;
				ENABLE_STRICT_OBJC_MSGSEND = YES;
				ENABLE_TESTABILITY = YES;
				GCC_C_LANGUAGE_STANDARD = gnu11;
				GCC_DYNAMIC_NO_PIC = NO;
				GCC_NO_COMMON_BLOCKS = YES;
				GCC_OPTIMIZATION_LEVEL = 0;
				GCC_PREPROCESSOR_DEFINITIONS = (
					"DEBUG=1",
					"$(inherited)",
				);
				GCC_WARN_64_TO_32_BIT_CONVERSION = YES;
				GCC_WARN_ABOUT_RETURN_TYPE = YES_ERROR;
				GCC_WARN_UNDECLARED_SELECTOR = YES;
				GCC_WARN_UNINITIALIZED_AUTOS = YES_AGGRESSIVE;
				GCC_WARN_UNUSED_FUNCTION = YES;
				GCC_WARN_UNUSED_VARIABLE = YES;
				IPHONEOS_DEPLOYMENT_TARGET = 13.4;
				MTL_ENABLE_DEBUG_INFO = INCLUDE_SOURCE;
				MTL_FAST_MATH = YES;
				ONLY_ACTIVE_ARCH = YES;
				SDKROOT = iphoneos;
			};
			name = Debug;
		};
		C01DE2CA2445CE5800BD89C0 /* Release */ = {
			isa = XCBuildConfiguration;
			buildSettings = {
				ALWAYS_SEARCH_USER_PATHS = NO;
				CLANG_ANALYZER_NONNULL = YES;
				CLANG_ANALYZER_NUMBER_OBJECT_CONVERSION = YES_AGGRESSIVE;
				CLANG_CXX_LANGUAGE_STANDARD = "gnu++14";
				CLANG_CXX_LIBRARY = "libc++";
				CLANG_ENABLE_MODULES = YES;
				CLANG_ENABLE_OBJC_ARC = YES;
				CLANG_ENABLE_OBJC_WEAK = YES;
				CLANG_WARN_BLOCK_CAPTURE_AUTORELEASING = YES;
				CLANG_WARN_BOOL_CONVERSION = YES;
				CLANG_WARN_COMMA = YES;
				CLANG_WARN_CONSTANT_CONVERSION = YES;
				CLANG_WARN_DEPRECATED_OBJC_IMPLEMENTATIONS = YES;
				CLANG_WARN_DIRECT_OBJC_ISA_USAGE = YES_ERROR;
				CLANG_WARN_DOCUMENTATION_COMMENTS = YES;
				CLANG_WARN_EMPTY_BODY = YES;
				CLANG_WARN_ENUM_CONVERSION = YES;
				CLANG_WARN_INFINITE_RECURSION = YES;
				CLANG_WARN_INT_CONVERSION = YES;
				CLANG_WARN_NON_LITERAL_NULL_CONVERSION = YES;
				CLANG_WARN_OBJC_IMPLICIT_RETAIN_SELF = YES;
				CLANG_WARN_OBJC_LITERAL_CONVERSION = YES;
				CLANG_WARN_OBJC_ROOT_CLASS = YES_ERROR;
				CLANG_WARN_RANGE_LOOP_ANALYSIS = YES;
				CLANG_WARN_STRICT_PROTOTYPES = YES;
				CLANG_WARN_SUSPICIOUS_MOVE = YES;
				CLANG_WARN_UNGUARDED_AVAILABILITY = YES_AGGRESSIVE;
				CLANG_WARN_UNREACHABLE_CODE = YES;
				CLANG_WARN__DUPLICATE_METHOD_MATCH = YES;
				COPY_PHASE_STRIP = NO;
				DEBUG_INFORMATION_FORMAT = "dwarf-with-dsym";
				ENABLE_NS_ASSERTIONS = NO;
				ENABLE_STRICT_OBJC_MSGSEND = YES;
				GCC_C_LANGUAGE_STANDARD = gnu11;
				GCC_NO_COMMON_BLOCKS = YES;
				GCC_WARN_64_TO_32_BIT_CONVERSION = YES;
				GCC_WARN_ABOUT_RETURN_TYPE = YES_ERROR;
				GCC_WARN_UNDECLARED_SELECTOR = YES;
				GCC_WARN_UNINITIALIZED_AUTOS = YES_AGGRESSIVE;
				GCC_WARN_UNUSED_FUNCTION = YES;
				GCC_WARN_UNUSED_VARIABLE = YES;
				IPHONEOS_DEPLOYMENT_TARGET = 13.4;
				MTL_ENABLE_DEBUG_INFO = NO;
				MTL_FAST_MATH = YES;
				SDKROOT = iphoneos;
				VALIDATE_PRODUCT = YES;
			};
			name = Release;
		};
		C01DE2CC2445CE5800BD89C0 /* Debug */ = {
			isa = XCBuildConfiguration;
			baseConfigurationReference = 4D7BA8006E95DD6565DA3F9F /* Pods-ExerciseDemo.debug.xcconfig */;
			buildSettings = {
				ASSETCATALOG_COMPILER_APPICON_NAME = AppIcon;
				CODE_SIGN_STYLE = Automatic;
				INFOPLIST_FILE = ExerciseDemo/Info.plist;
				LD_RUNPATH_SEARCH_PATHS = (
					"$(inherited)",
					"@executable_path/Frameworks",
				);
				PRODUCT_BUNDLE_IDENTIFIER = individual.guqi.ExerciseDemo;
				PRODUCT_NAME = "$(TARGET_NAME)";
				TARGETED_DEVICE_FAMILY = "1,2";
			};
			name = Debug;
		};
		C01DE2CD2445CE5800BD89C0 /* Release */ = {
			isa = XCBuildConfiguration;
			baseConfigurationReference = 3AD1D14EDE28C771FA12E94F /* Pods-ExerciseDemo.release.xcconfig */;
			buildSettings = {
				ASSETCATALOG_COMPILER_APPICON_NAME = AppIcon;
				CODE_SIGN_STYLE = Automatic;
				INFOPLIST_FILE = ExerciseDemo/Info.plist;
				LD_RUNPATH_SEARCH_PATHS = (
					"$(inherited)",
					"@executable_path/Frameworks",
				);
				PRODUCT_BUNDLE_IDENTIFIER = individual.guqi.ExerciseDemo;
				PRODUCT_NAME = "$(TARGET_NAME)";
				TARGETED_DEVICE_FAMILY = "1,2";
			};
			name = Release;
		};
/* End XCBuildConfiguration section */

/* Begin XCConfigurationList section */
		C01DE2AD2445CE5700BD89C0 /* Build configuration list for PBXProject "ExerciseDemo" */ = {
			isa = XCConfigurationList;
			buildConfigurations = (
				C01DE2C92445CE5800BD89C0 /* Debug */,
				C01DE2CA2445CE5800BD89C0 /* Release */,
			);
			defaultConfigurationIsVisible = 0;
			defaultConfigurationName = Release;
		};
		C01DE2CB2445CE5800BD89C0 /* Build configuration list for PBXNativeTarget "ExerciseDemo" */ = {
			isa = XCConfigurationList;
			buildConfigurations = (
				C01DE2CC2445CE5800BD89C0 /* Debug */,
				C01DE2CD2445CE5800BD89C0 /* Release */,
			);
			defaultConfigurationIsVisible = 0;
			defaultConfigurationName = Release;
		};
/* End XCConfigurationList section */
	};
	rootObject = C01DE2AA2445CE5700BD89C0 /* Project object */;
}
