// !$*UTF8*$!
{
	archiveVersion = 1;
	classes = {
	};
	objectVersion = 50;
	objects = {

/* Begin PBXBuildFile section */
		C0308D61243B4E8900FB7839 /* TextStatsViewController.m in Sources */ = {isa = PBXBuildFile; fileRef = C0308D60243B4E8900FB7839 /* TextStatsViewController.m */; };
		C0791F2624373F4C006934EA /* AppDelegate.m in Sources */ = {isa = PBXBuildFile; fileRef = C0791F2524373F4C006934EA /* AppDelegate.m */; };
		C0791F2924373F4C006934EA /* SceneDelegate.m in Sources */ = {isa = PBXBuildFile; fileRef = C0791F2824373F4C006934EA /* SceneDelegate.m */; };
		C0791F2C24373F4C006934EA /* AttributorViewController.m in Sources */ = {isa = PBXBuildFile; fileRef = C0791F2B24373F4C006934EA /* AttributorViewController.m */; };
		C0791F2F24373F4C006934EA /* Main.storyboard in Resources */ = {isa = PBXBuildFile; fileRef = C0791F2D24373F4C006934EA /* Main.storyboard */; };
		C0791F3124373F4C006934EA /* Assets.xcassets in Resources */ = {isa = PBXBuildFile; fileRef = C0791F3024373F4C006934EA /* Assets.xcassets */; };
		C0791F3424373F4C006934EA /* LaunchScreen.storyboard in Resources */ = {isa = PBXBuildFile; fileRef = C0791F3224373F4C006934EA /* LaunchScreen.storyboard */; };
		C0791F3724373F4C006934EA /* main.m in Sources */ = {isa = PBXBuildFile; fileRef = C0791F3624373F4C006934EA /* main.m */; };
/* End PBXBuildFile section */

/* Begin PBXFileReference section */
		C0308D5F243B4E8900FB7839 /* TextStatsViewController.h */ = {isa = PBXFileReference; lastKnownFileType = sourcecode.c.h; path = TextStatsViewController.h; sourceTree = "<group>"; };
		C0308D60243B4E8900FB7839 /* TextStatsViewController.m */ = {isa = PBXFileReference; lastKnownFileType = sourcecode.c.objc; path = TextStatsViewController.m; sourceTree = "<group>"; };
		C0791F2124373F4C006934EA /* Attributor.app */ = {isa = PBXFileReference; explicitFileType = wrapper.application; includeInIndex = 0; path = Attributor.app; sourceTree = BUILT_PRODUCTS_DIR; };
		C0791F2424373F4C006934EA /* AppDelegate.h */ = {isa = PBXFileReference; lastKnownFileType = sourcecode.c.h; path = AppDelegate.h; sourceTree = "<group>"; };
		C0791F2524373F4C006934EA /* AppDelegate.m */ = {isa = PBXFileReference; lastKnownFileType = sourcecode.c.objc; path = AppDelegate.m; sourceTree = "<group>"; };
		C0791F2724373F4C006934EA /* SceneDelegate.h */ = {isa = PBXFileReference; lastKnownFileType = sourcecode.c.h; path = SceneDelegate.h; sourceTree = "<group>"; };
		C0791F2824373F4C006934EA /* SceneDelegate.m */ = {isa = PBXFileReference; lastKnownFileType = sourcecode.c.objc; path = SceneDelegate.m; sourceTree = "<group>"; };
		C0791F2A24373F4C006934EA /* AttributorViewController.h */ = {isa = PBXFileReference; lastKnownFileType = sourcecode.c.h; path = AttributorViewController.h; sourceTree = "<group>"; };
		C0791F2B24373F4C006934EA /* AttributorViewController.m */ = {isa = PBXFileReference; lastKnownFileType = sourcecode.c.objc; path = AttributorViewController.m; sourceTree = "<group>"; };
		C0791F2E24373F4C006934EA /* Base */ = {isa = PBXFileReference; lastKnownFileType = file.storyboard; name = Base; path = Base.lproj/Main.storyboard; sourceTree = "<group>"; };
		C0791F3024373F4C006934EA /* Assets.xcassets */ = {isa = PBXFileReference; lastKnownFileType = folder.assetcatalog; path = Assets.xcassets; sourceTree = "<group>"; };
		C0791F3324373F4C006934EA /* Base */ = {isa = PBXFileReference; lastKnownFileType = file.storyboard; name = Base; path = Base.lproj/LaunchScreen.storyboard; sourceTree = "<group>"; };
		C0791F3524373F4C006934EA /* Info.plist */ = {isa = PBXFileReference; lastKnownFileType = text.plist.xml; path = Info.plist; sourceTree = "<group>"; };
		C0791F3624373F4C006934EA /* main.m */ = {isa = PBXFileReference; lastKnownFileType = sourcecode.c.objc; path = main.m; sourceTree = "<group>"; };
/* End PBXFileReference section */

/* Begin PBXFrameworksBuildPhase section */
		C0791F1E24373F4C006934EA /* Frameworks */ = {
			isa = PBXFrameworksBuildPhase;
			buildActionMask = 2147483647;
			files = (
			);
			runOnlyForDeploymentPostprocessing = 0;
		};
/* End PBXFrameworksBuildPhase section */

/* Begin PBXGroup section */
		C0791F1824373F4C006934EA = {
			isa = PBXGroup;
			children = (
				C0791F2324373F4C006934EA /* Attributor */,
				C0791F2224373F4C006934EA /* Products */,
			);
			sourceTree = "<group>";
		};
		C0791F2224373F4C006934EA /* Products */ = {
			isa = PBXGroup;
			children = (
				C0791F2124373F4C006934EA /* Attributor.app */,
			);
			name = Products;
			sourceTree = "<group>";
		};
		C0791F2324373F4C006934EA /* Attributor */ = {
			isa = PBXGroup;
			children = (
				C0308D5F243B4E8900FB7839 /* TextStatsViewController.h */,
				C0308D60243B4E8900FB7839 /* TextStatsViewController.m */,
				C0791F2424373F4C006934EA /* AppDelegate.h */,
				C0791F2524373F4C006934EA /* AppDelegate.m */,
				C0791F2724373F4C006934EA /* SceneDelegate.h */,
				C0791F2824373F4C006934EA /* SceneDelegate.m */,
				C0791F2A24373F4C006934EA /* AttributorViewController.h */,
				C0791F2B24373F4C006934EA /* AttributorViewController.m */,
				C0791F2D24373F4C006934EA /* Main.storyboard */,
				C0791F3024373F4C006934EA /* Assets.xcassets */,
				C0791F3224373F4C006934EA /* LaunchScreen.storyboard */,
				C0791F3524373F4C006934EA /* Info.plist */,
				C0791F3624373F4C006934EA /* main.m */,
			);
			path = Attributor;
			sourceTree = "<group>";
		};
/* End PBXGroup section */

/* Begin PBXNativeTarget section */
		C0791F2024373F4C006934EA /* Attributor */ = {
			isa = PBXNativeTarget;
			buildConfigurationList = C0791F3A24373F4C006934EA /* Build configuration list for PBXNativeTarget "Attributor" */;
			buildPhases = (
				C0791F1D24373F4C006934EA /* Sources */,
				C0791F1E24373F4C006934EA /* Frameworks */,
				C0791F1F24373F4C006934EA /* Resources */,
			);
			buildRules = (
			);
			dependencies = (
			);
			name = Attributor;
			productName = Attributor;
			productReference = C0791F2124373F4C006934EA /* Attributor.app */;
			productType = "com.apple.product-type.application";
		};
/* End PBXNativeTarget section */

/* Begin PBXProject section */
		C0791F1924373F4C006934EA /* Project object */ = {
			isa = PBXProject;
			attributes = {
				LastUpgradeCheck = 1140;
				ORGANIZATIONNAME = "谷琪";
				TargetAttributes = {
					C0791F2024373F4C006934EA = {
						CreatedOnToolsVersion = 11.4;
					};
				};
			};
			buildConfigurationList = C0791F1C24373F4C006934EA /* Build configuration list for PBXProject "Attributor" */;
			compatibilityVersion = "Xcode 9.3";
			developmentRegion = en;
			hasScannedForEncodings = 0;
			knownRegions = (
				en,
				Base,
			);
			mainGroup = C0791F1824373F4C006934EA;
			productRefGroup = C0791F2224373F4C006934EA /* Products */;
			projectDirPath = "";
			projectRoot = "";
			targets = (
				C0791F2024373F4C006934EA /* Attributor */,
			);
		};
/* End PBXProject section */

/* Begin PBXResourcesBuildPhase section */
		C0791F1F24373F4C006934EA /* Resources */ = {
			isa = PBXResourcesBuildPhase;
			buildActionMask = 2147483647;
			files = (
				C0791F3424373F4C006934EA /* LaunchScreen.storyboard in Resources */,
				C0791F3124373F4C006934EA /* Assets.xcassets in Resources */,
				C0791F2F24373F4C006934EA /* Main.storyboard in Resources */,
			);
			runOnlyForDeploymentPostprocessing = 0;
		};
/* End PBXResourcesBuildPhase section */

/* Begin PBXSourcesBuildPhase section */
		C0791F1D24373F4C006934EA /* Sources */ = {
			isa = PBXSourcesBuildPhase;
			buildActionMask = 2147483647;
			files = (
				C0308D61243B4E8900FB7839 /* TextStatsViewController.m in Sources */,
				C0791F2C24373F4C006934EA /* AttributorViewController.m in Sources */,
				C0791F2624373F4C006934EA /* AppDelegate.m in Sources */,
				C0791F3724373F4C006934EA /* main.m in Sources */,
				C0791F2924373F4C006934EA /* SceneDelegate.m in Sources */,
			);
			runOnlyForDeploymentPostprocessing = 0;
		};
/* End PBXSourcesBuildPhase section */

/* Begin PBXVariantGroup section */
		C0791F2D24373F4C006934EA /* Main.storyboard */ = {
			isa = PBXVariantGroup;
			children = (
				C0791F2E24373F4C006934EA /* Base */,
			);
			name = Main.storyboard;
			sourceTree = "<group>";
		};
		C0791F3224373F4C006934EA /* LaunchScreen.storyboard */ = {
			isa = PBXVariantGroup;
			children = (
				C0791F3324373F4C006934EA /* Base */,
			);
			name = LaunchScreen.storyboard;
			sourceTree = "<group>";
		};
/* End PBXVariantGroup section */

/* Begin XCBuildConfiguration section */
		C0791F3824373F4C006934EA /* Debug */ = {
			isa = XCBuildConfiguration;
			buildSettings = {
				ALWAYS_SEARCH_USER_PATHS = NO;
				CLANG_ANALYZER_NONNULL = YES;
				CLANG_ANALYZER_NUMBER_OBJECT_CONVERSION = YES_AGGRESSIVE;
				CLANG_CXX_LANGUAGE_STANDARD = "gnu++14";
				CLANG_CXX_LIBRARY = "libc++";
				CLANG_ENABLE_MODULES = YES;
				CLANG_ENABLE_OBJC_ARC = YES;
				CLANG_ENABLE_OBJC_WEAK = YES;
				CLANG_WARN_BLOCK_CAPTURE_AUTORELEASING = YES;
				CLANG_WARN_BOOL_CONVERSION = YES;
				CLANG_WARN_COMMA = YES;
				CLANG_WARN_CONSTANT_CONVERSION = YES;
				CLANG_WARN_DEPRECATED_OBJC_IMPLEMENTATIONS = YES;
				CLANG_WARN_DIRECT_OBJC_ISA_USAGE = YES_ERROR;
				CLANG_WARN_DOCUMENTATION_COMMENTS = YES;
				CLANG_WARN_EMPTY_BODY = YES;
				CLANG_WARN_ENUM_CONVERSION = YES;
				CLANG_WARN_INFINITE_RECURSION = YES;
				CLANG_WARN_INT_CONVERSION = YES;
				CLANG_WARN_NON_LITERAL_NULL_CONVERSION = YES;
				CLANG_WARN_OBJC_IMPLICIT_RETAIN_SELF = YES;
				CLANG_WARN_OBJC_LITERAL_CONVERSION = YES;
				CLANG_WARN_OBJC_ROOT_CLASS = YES_ERROR;
				CLANG_WARN_RANGE_LOOP_ANALYSIS = YES;
				CLANG_WARN_STRICT_PROTOTYPES = YES;
				CLANG_WARN_SUSPICIOUS_MOVE = YES;
				CLANG_WARN_UNGUARDED_AVAILABILITY = YES_AGGRESSIVE;
				CLANG_WARN_UNREACHABLE_CODE = YES;
				CLANG_WARN__DUPLICATE_METHOD_MATCH = YES;
				COPY_PHASE_STRIP = NO;
				DEBUG_INFORMATION_FORMAT = dwarf;
				ENABLE_STRICT_OBJC_MSGSEND = YES;
				ENABLE_TESTABILITY = YES;
				GCC_C_LANGUAGE_STANDARD = gnu11;
				GCC_DYNAMIC_NO_PIC = NO;
				GCC_NO_COMMON_BLOCKS = YES;
				GCC_OPTIMIZATION_LEVEL = 0;
				GCC_PREPROCESSOR_DEFINITIONS = (
					"DEBUG=1",
					"$(inherited)",
				);
				GCC_WARN_64_TO_32_BIT_CONVERSION = YES;
				GCC_WARN_ABOUT_RETURN_TYPE = YES_ERROR;
				GCC_WARN_UNDECLARED_SELECTOR = YES;
				GCC_WARN_UNINITIALIZED_AUTOS = YES_AGGRESSIVE;
				GCC_WARN_UNUSED_FUNCTION = YES;
				GCC_WARN_UNUSED_VARIABLE = YES;
				IPHONEOS_DEPLOYMENT_TARGET = 13.4;
				MTL_ENABLE_DEBUG_INFO = INCLUDE_SOURCE;
				MTL_FAST_MATH = YES;
				ONLY_ACTIVE_ARCH = YES;
				SDKROOT = iphoneos;
			};
			name = Debug;
		};
		C0791F3924373F4C006934EA /* Release */ = {
			isa = XCBuildConfiguration;
			buildSettings = {
				ALWAYS_SEARCH_USER_PATHS = NO;
				CLANG_ANALYZER_NONNULL = YES;
				CLANG_ANALYZER_NUMBER_OBJECT_CONVERSION = YES_AGGRESSIVE;
				CLANG_CXX_LANGUAGE_STANDARD = "gnu++14";
				CLANG_CXX_LIBRARY = "libc++";
				CLANG_ENABLE_MODULES = YES;
				CLANG_ENABLE_OBJC_ARC = YES;
				CLANG_ENABLE_OBJC_WEAK = YES;
				CLANG_WARN_BLOCK_CAPTURE_AUTORELEASING = YES;
				CLANG_WARN_BOOL_CONVERSION = YES;
				CLANG_WARN_COMMA = YES;
				CLANG_WARN_CONSTANT_CONVERSION = YES;
				CLANG_WARN_DEPRECATED_OBJC_IMPLEMENTATIONS = YES;
				CLANG_WARN_DIRECT_OBJC_ISA_USAGE = YES_ERROR;
				CLANG_WARN_DOCUMENTATION_COMMENTS = YES;
				CLANG_WARN_EMPTY_BODY = YES;
				CLANG_WARN_ENUM_CONVERSION = YES;
				CLANG_WARN_INFINITE_RECURSION = YES;
				CLANG_WARN_INT_CONVERSION = YES;
				CLANG_WARN_NON_LITERAL_NULL_CONVERSION = YES;
				CLANG_WARN_OBJC_IMPLICIT_RETAIN_SELF = YES;
				CLANG_WARN_OBJC_LITERAL_CONVERSION = YES;
				CLANG_WARN_OBJC_ROOT_CLASS = YES_ERROR;
				CLANG_WARN_RANGE_LOOP_ANALYSIS = YES;
				CLANG_WARN_STRICT_PROTOTYPES = YES;
				CLANG_WARN_SUSPICIOUS_MOVE = YES;
				CLANG_WARN_UNGUARDED_AVAILABILITY = YES_AGGRESSIVE;
				CLANG_WARN_UNREACHABLE_CODE = YES;
				CLANG_WARN__DUPLICATE_METHOD_MATCH = YES;
				COPY_PHASE_STRIP = NO;
				DEBUG_INFORMATION_FORMAT = "dwarf-with-dsym";
				ENABLE_NS_ASSERTIONS = NO;
				ENABLE_STRICT_OBJC_MSGSEND = YES;
				GCC_C_LANGUAGE_STANDARD = gnu11;
				GCC_NO_COMMON_BLOCKS = YES;
				GCC_WARN_64_TO_32_BIT_CONVERSION = YES;
				GCC_WARN_ABOUT_RETURN_TYPE = YES_ERROR;
				GCC_WARN_UNDECLARED_SELECTOR = YES;
				GCC_WARN_UNINITIALIZED_AUTOS = YES_AGGRESSIVE;
				GCC_WARN_UNUSED_FUNCTION = YES;
				GCC_WARN_UNUSED_VARIABLE = YES;
				IPHONEOS_DEPLOYMENT_TARGET = 13.4;
				MTL_ENABLE_DEBUG_INFO = NO;
				MTL_FAST_MATH = YES;
				SDKROOT = iphoneos;
				VALIDATE_PRODUCT = YES;
			};
			name = Release;
		};
		C0791F3B24373F4C006934EA /* Debug */ = {
			isa = XCBuildConfiguration;
			buildSettings = {
				ASSETCATALOG_COMPILER_APPICON_NAME = AppIcon;
				CODE_SIGN_STYLE = Automatic;
				INFOPLIST_FILE = Attributor/Info.plist;
				LD_RUNPATH_SEARCH_PATHS = (
					"$(inherited)",
					"@executable_path/Frameworks",
				);
				PRODUCT_BUNDLE_IDENTIFIER = individual.guqi.Attributor;
				PRODUCT_NAME = "$(TARGET_NAME)";
				TARGETED_DEVICE_FAMILY = "1,2";
			};
			name = Debug;
		};
		C0791F3C24373F4C006934EA /* Release */ = {
			isa = XCBuildConfiguration;
			buildSettings = {
				ASSETCATALOG_COMPILER_APPICON_NAME = AppIcon;
				CODE_SIGN_STYLE = Automatic;
				INFOPLIST_FILE = Attributor/Info.plist;
				LD_RUNPATH_SEARCH_PATHS = (
					"$(inherited)",
					"@executable_path/Frameworks",
				);
				PRODUCT_BUNDLE_IDENTIFIER = individual.guqi.Attributor;
				PRODUCT_NAME = "$(TARGET_NAME)";
				TARGETED_DEVICE_FAMILY = "1,2";
			};
			name = Release;
		};
/* End XCBuildConfiguration section */

/* Begin XCConfigurationList section */
		C0791F1C24373F4C006934EA /* Build configuration list for PBXProject "Attributor" */ = {
			isa = XCConfigurationList;
			buildConfigurations = (
				C0791F3824373F4C006934EA /* Debug */,
				C0791F3924373F4C006934EA /* Release */,
			);
			defaultConfigurationIsVisible = 0;
			defaultConfigurationName = Release;
		};
		C0791F3A24373F4C006934EA /* Build configuration list for PBXNativeTarget "Attributor" */ = {
			isa = XCConfigurationList;
			buildConfigurations = (
				C0791F3B24373F4C006934EA /* Debug */,
				C0791F3C24373F4C006934EA /* Release */,
			);
			defaultConfigurationIsVisible = 0;
			defaultConfigurationName = Release;
		};
/* End XCConfigurationList section */
	};
	rootObject = C0791F1924373F4C006934EA /* Project object */;
}
