PODS:
  - Masonry (1.1.0)
  - SDWebImage (5.7.1):
    - SDWebImage/Core (= 5.7.1)
  - SDWebImage/Core (5.7.1)

DEPENDENCIES:
  - Masonry (~> 1.1.0)
  - SDWebImage (~> 5.7.1)

SPEC REPOS:
  https://github.com/CocoaPods/Specs.git:
    - Masonry
    - SDWebImage

SPEC CHECKSUMS:
  Masonry: 678fab65091a9290e40e2832a55e7ab731aad201
  SDWebImage: 5d4cf6afccd9ac1d2ee701ed0c4917cbb1b80536

PODFILE CHECKSUM: 72392add4897a2f4524368f8ed44bfc322fb3b42

COCOAPODS: 1.9.1
