// !$*UTF8*$!
{
	archiveVersion = 1;
	classes = {
	};
	objectVersion = 50;
	objects = {

/* Begin PBXBuildFile section */
		C08E5467243ED496002B02CF /* SceneDelegate.m in Sources */ = {isa = PBXBuildFile; fileRef = C08E5466243ED496002B02CF /* SceneDelegate.m */; };
		C08E546A243ED496002B02CF /* PhotomaniaViewController.m in Sources */ = {isa = PBXBuildFile; fileRef = C08E5469243ED496002B02CF /* PhotomaniaViewController.m */; };
		C08E546D243ED496002B02CF /* Main.storyboard in Resources */ = {isa = PBXBuildFile; fileRef = C08E546B243ED496002B02CF /* Main.storyboard */; };
		C08E546F243ED497002B02CF /* Assets.xcassets in Resources */ = {isa = PBXBuildFile; fileRef = C08E546E243ED497002B02CF /* Assets.xcassets */; };
		C08E5472243ED497002B02CF /* LaunchScreen.storyboard in Resources */ = {isa = PBXBuildFile; fileRef = C08E5470243ED497002B02CF /* LaunchScreen.storyboard */; };
		C08E5475243ED497002B02CF /* main.m in Sources */ = {isa = PBXBuildFile; fileRef = C08E5474243ED497002B02CF /* main.m */; };
		C08E547D243EE742002B02CF /* Photomania.xcdatamodeld in Sources */ = {isa = PBXBuildFile; fileRef = C08E547B243EE742002B02CF /* Photomania.xcdatamodeld */; };
		C08E54C2243EF68D002B02CF /* Photo+CoreDataClass.m in Sources */ = {isa = PBXBuildFile; fileRef = C08E54BC243EF68D002B02CF /* Photo+CoreDataClass.m */; };
		C08E54C3243EF68D002B02CF /* Photo+CoreDataProperties.m in Sources */ = {isa = PBXBuildFile; fileRef = C08E54BD243EF68D002B02CF /* Photo+CoreDataProperties.m */; };
		C08E54C4243EF68D002B02CF /* Photographer+CoreDataClass.m in Sources */ = {isa = PBXBuildFile; fileRef = C08E54C0243EF68D002B02CF /* Photographer+CoreDataClass.m */; };
		C08E54C5243EF68D002B02CF /* Photographer+CoreDataProperties.m in Sources */ = {isa = PBXBuildFile; fileRef = C08E54C1243EF68D002B02CF /* Photographer+CoreDataProperties.m */; };
		C08E54CB243EF8C9002B02CF /* Photo+Flickr.m in Sources */ = {isa = PBXBuildFile; fileRef = C08E54CA243EF8C9002B02CF /* Photo+Flickr.m */; };
		C08E5509243F1ADC002B02CF /* FlickrFetcher.m in Sources */ = {isa = PBXBuildFile; fileRef = C08E5508243F1ADC002B02CF /* FlickrFetcher.m */; };
		C08E550C243F1D24002B02CF /* Photographer+Create.m in Sources */ = {isa = PBXBuildFile; fileRef = C08E550B243F1D24002B02CF /* Photographer+Create.m */; };
		C08E5510243F1FF9002B02CF /* CoreDataTableViewController.m in Sources */ = {isa = PBXBuildFile; fileRef = C08E550F243F1FF9002B02CF /* CoreDataTableViewController.m */; };
		C08E5513243F203C002B02CF /* PhotographersCDTVC.m in Sources */ = {isa = PBXBuildFile; fileRef = C08E5512243F203C002B02CF /* PhotographersCDTVC.m */; };
		C08E5517243F2446002B02CF /* PhotomaniaAppDelegate+MOC.m in Sources */ = {isa = PBXBuildFile; fileRef = C08E5515243F2446002B02CF /* PhotomaniaAppDelegate+MOC.m */; };
		C08E5519243F29BF002B02CF /* PhotomaniaAppDelegate.m in Sources */ = {isa = PBXBuildFile; fileRef = C08E5518243F29BF002B02CF /* PhotomaniaAppDelegate.m */; };
/* End PBXBuildFile section */

/* Begin PBXFileReference section */
		C08E545F243ED496002B02CF /* Photomania.app */ = {isa = PBXFileReference; explicitFileType = wrapper.application; includeInIndex = 0; path = Photomania.app; sourceTree = BUILT_PRODUCTS_DIR; };
		C08E5462243ED496002B02CF /* PhotomaniaAppDelegate.h */ = {isa = PBXFileReference; lastKnownFileType = sourcecode.c.h; path = PhotomaniaAppDelegate.h; sourceTree = "<group>"; };
		C08E5465243ED496002B02CF /* SceneDelegate.h */ = {isa = PBXFileReference; lastKnownFileType = sourcecode.c.h; path = SceneDelegate.h; sourceTree = "<group>"; };
		C08E5466243ED496002B02CF /* SceneDelegate.m */ = {isa = PBXFileReference; lastKnownFileType = sourcecode.c.objc; path = SceneDelegate.m; sourceTree = "<group>"; };
		C08E5468243ED496002B02CF /* PhotomaniaViewController.h */ = {isa = PBXFileReference; lastKnownFileType = sourcecode.c.h; path = PhotomaniaViewController.h; sourceTree = "<group>"; };
		C08E5469243ED496002B02CF /* PhotomaniaViewController.m */ = {isa = PBXFileReference; lastKnownFileType = sourcecode.c.objc; path = PhotomaniaViewController.m; sourceTree = "<group>"; };
		C08E546C243ED496002B02CF /* Base */ = {isa = PBXFileReference; lastKnownFileType = file.storyboard; name = Base; path = Base.lproj/Main.storyboard; sourceTree = "<group>"; };
		C08E546E243ED497002B02CF /* Assets.xcassets */ = {isa = PBXFileReference; lastKnownFileType = folder.assetcatalog; path = Assets.xcassets; sourceTree = "<group>"; };
		C08E5471243ED497002B02CF /* Base */ = {isa = PBXFileReference; lastKnownFileType = file.storyboard; name = Base; path = Base.lproj/LaunchScreen.storyboard; sourceTree = "<group>"; };
		C08E5473243ED497002B02CF /* Info.plist */ = {isa = PBXFileReference; lastKnownFileType = text.plist.xml; path = Info.plist; sourceTree = "<group>"; };
		C08E5474243ED497002B02CF /* main.m */ = {isa = PBXFileReference; lastKnownFileType = sourcecode.c.objc; path = main.m; sourceTree = "<group>"; };
		C08E547C243EE742002B02CF /* Photomania.xcdatamodel */ = {isa = PBXFileReference; lastKnownFileType = wrapper.xcdatamodel; path = Photomania.xcdatamodel; sourceTree = "<group>"; };
		C08E54BA243EF68D002B02CF /* Photo+CoreDataProperties.h */ = {isa = PBXFileReference; lastKnownFileType = sourcecode.c.h; path = "Photo+CoreDataProperties.h"; sourceTree = "<group>"; };
		C08E54BB243EF68D002B02CF /* Photo+CoreDataClass.h */ = {isa = PBXFileReference; lastKnownFileType = sourcecode.c.h; path = "Photo+CoreDataClass.h"; sourceTree = "<group>"; };
		C08E54BC243EF68D002B02CF /* Photo+CoreDataClass.m */ = {isa = PBXFileReference; lastKnownFileType = sourcecode.c.objc; path = "Photo+CoreDataClass.m"; sourceTree = "<group>"; };
		C08E54BD243EF68D002B02CF /* Photo+CoreDataProperties.m */ = {isa = PBXFileReference; lastKnownFileType = sourcecode.c.objc; path = "Photo+CoreDataProperties.m"; sourceTree = "<group>"; };
		C08E54BE243EF68D002B02CF /* Photographer+CoreDataProperties.h */ = {isa = PBXFileReference; lastKnownFileType = sourcecode.c.h; path = "Photographer+CoreDataProperties.h"; sourceTree = "<group>"; };
		C08E54BF243EF68D002B02CF /* Photographer+CoreDataClass.h */ = {isa = PBXFileReference; lastKnownFileType = sourcecode.c.h; path = "Photographer+CoreDataClass.h"; sourceTree = "<group>"; };
		C08E54C0243EF68D002B02CF /* Photographer+CoreDataClass.m */ = {isa = PBXFileReference; lastKnownFileType = sourcecode.c.objc; path = "Photographer+CoreDataClass.m"; sourceTree = "<group>"; };
		C08E54C1243EF68D002B02CF /* Photographer+CoreDataProperties.m */ = {isa = PBXFileReference; lastKnownFileType = sourcecode.c.objc; path = "Photographer+CoreDataProperties.m"; sourceTree = "<group>"; };
		C08E54C9243EF8C9002B02CF /* Photo+Flickr.h */ = {isa = PBXFileReference; lastKnownFileType = sourcecode.c.h; path = "Photo+Flickr.h"; sourceTree = "<group>"; };
		C08E54CA243EF8C9002B02CF /* Photo+Flickr.m */ = {isa = PBXFileReference; lastKnownFileType = sourcecode.c.objc; path = "Photo+Flickr.m"; sourceTree = "<group>"; };
		C08E5506243F1ADC002B02CF /* FlickrAPIKey.h */ = {isa = PBXFileReference; fileEncoding = 4; lastKnownFileType = sourcecode.c.h; path = FlickrAPIKey.h; sourceTree = "<group>"; };
		C08E5507243F1ADC002B02CF /* FlickrFetcher.h */ = {isa = PBXFileReference; fileEncoding = 4; lastKnownFileType = sourcecode.c.h; path = FlickrFetcher.h; sourceTree = "<group>"; };
		C08E5508243F1ADC002B02CF /* FlickrFetcher.m */ = {isa = PBXFileReference; fileEncoding = 4; lastKnownFileType = sourcecode.c.objc; path = FlickrFetcher.m; sourceTree = "<group>"; };
		C08E550A243F1D24002B02CF /* Photographer+Create.h */ = {isa = PBXFileReference; lastKnownFileType = sourcecode.c.h; path = "Photographer+Create.h"; sourceTree = "<group>"; };
		C08E550B243F1D24002B02CF /* Photographer+Create.m */ = {isa = PBXFileReference; lastKnownFileType = sourcecode.c.objc; path = "Photographer+Create.m"; sourceTree = "<group>"; };
		C08E550E243F1FF9002B02CF /* CoreDataTableViewController.h */ = {isa = PBXFileReference; fileEncoding = 4; lastKnownFileType = sourcecode.c.h; path = CoreDataTableViewController.h; sourceTree = "<group>"; };
		C08E550F243F1FF9002B02CF /* CoreDataTableViewController.m */ = {isa = PBXFileReference; fileEncoding = 4; lastKnownFileType = sourcecode.c.objc; path = CoreDataTableViewController.m; sourceTree = "<group>"; };
		C08E5511243F203C002B02CF /* PhotographersCDTVC.h */ = {isa = PBXFileReference; lastKnownFileType = sourcecode.c.h; path = PhotographersCDTVC.h; sourceTree = "<group>"; };
		C08E5512243F203C002B02CF /* PhotographersCDTVC.m */ = {isa = PBXFileReference; lastKnownFileType = sourcecode.c.objc; path = PhotographersCDTVC.m; sourceTree = "<group>"; };
		C08E5515243F2446002B02CF /* PhotomaniaAppDelegate+MOC.m */ = {isa = PBXFileReference; fileEncoding = 4; lastKnownFileType = sourcecode.c.objc; path = "PhotomaniaAppDelegate+MOC.m"; sourceTree = "<group>"; };
		C08E5516243F2446002B02CF /* PhotomaniaAppDelegate+MOC.h */ = {isa = PBXFileReference; fileEncoding = 4; lastKnownFileType = sourcecode.c.h; path = "PhotomaniaAppDelegate+MOC.h"; sourceTree = "<group>"; };
		C08E5518243F29BF002B02CF /* PhotomaniaAppDelegate.m */ = {isa = PBXFileReference; lastKnownFileType = sourcecode.c.objc; path = PhotomaniaAppDelegate.m; sourceTree = "<group>"; };
		C08E551A243F301F002B02CF /* PhotoDataBaseAvailability.h */ = {isa = PBXFileReference; lastKnownFileType = sourcecode.c.h; path = PhotoDataBaseAvailability.h; sourceTree = "<group>"; };
/* End PBXFileReference section */

/* Begin PBXFrameworksBuildPhase section */
		C08E545C243ED496002B02CF /* Frameworks */ = {
			isa = PBXFrameworksBuildPhase;
			buildActionMask = 2147483647;
			files = (
			);
			runOnlyForDeploymentPostprocessing = 0;
		};
/* End PBXFrameworksBuildPhase section */

/* Begin PBXGroup section */
		C08E5456243ED496002B02CF = {
			isa = PBXGroup;
			children = (
				C08E5461243ED496002B02CF /* Photomania */,
				C08E5460243ED496002B02CF /* Products */,
			);
			sourceTree = "<group>";
		};
		C08E5460243ED496002B02CF /* Products */ = {
			isa = PBXGroup;
			children = (
				C08E545F243ED496002B02CF /* Photomania.app */,
			);
			name = Products;
			sourceTree = "<group>";
		};
		C08E5461243ED496002B02CF /* Photomania */ = {
			isa = PBXGroup;
			children = (
				C08E550D243F1FF9002B02CF /* CoreDataTableViewController */,
				C08E5505243F1ADC002B02CF /* Flickr Fetcher */,
				C08E54C9243EF8C9002B02CF /* Photo+Flickr.h */,
				C08E54CA243EF8C9002B02CF /* Photo+Flickr.m */,
				C08E550A243F1D24002B02CF /* Photographer+Create.h */,
				C08E550B243F1D24002B02CF /* Photographer+Create.m */,
				C08E54BA243EF68D002B02CF /* Photo+CoreDataProperties.h */,
				C08E54BB243EF68D002B02CF /* Photo+CoreDataClass.h */,
				C08E54BC243EF68D002B02CF /* Photo+CoreDataClass.m */,
				C08E54BD243EF68D002B02CF /* Photo+CoreDataProperties.m */,
				C08E54BE243EF68D002B02CF /* Photographer+CoreDataProperties.h */,
				C08E54BF243EF68D002B02CF /* Photographer+CoreDataClass.h */,
				C08E5511243F203C002B02CF /* PhotographersCDTVC.h */,
				C08E5512243F203C002B02CF /* PhotographersCDTVC.m */,
				C08E54C0243EF68D002B02CF /* Photographer+CoreDataClass.m */,
				C08E54C1243EF68D002B02CF /* Photographer+CoreDataProperties.m */,
				C08E5462243ED496002B02CF /* PhotomaniaAppDelegate.h */,
				C08E5518243F29BF002B02CF /* PhotomaniaAppDelegate.m */,
				C08E551A243F301F002B02CF /* PhotoDataBaseAvailability.h */,
				C08E547B243EE742002B02CF /* Photomania.xcdatamodeld */,
				C08E5465243ED496002B02CF /* SceneDelegate.h */,
				C08E5466243ED496002B02CF /* SceneDelegate.m */,
				C08E5468243ED496002B02CF /* PhotomaniaViewController.h */,
				C08E5469243ED496002B02CF /* PhotomaniaViewController.m */,
				C08E546B243ED496002B02CF /* Main.storyboard */,
				C08E546E243ED497002B02CF /* Assets.xcassets */,
				C08E5470243ED497002B02CF /* LaunchScreen.storyboard */,
				C08E5473243ED497002B02CF /* Info.plist */,
				C08E5474243ED497002B02CF /* main.m */,
			);
			path = Photomania;
			sourceTree = "<group>";
		};
		C08E5505243F1ADC002B02CF /* Flickr Fetcher */ = {
			isa = PBXGroup;
			children = (
				C08E5506243F1ADC002B02CF /* FlickrAPIKey.h */,
				C08E5507243F1ADC002B02CF /* FlickrFetcher.h */,
				C08E5508243F1ADC002B02CF /* FlickrFetcher.m */,
			);
			path = "Flickr Fetcher";
			sourceTree = "<group>";
		};
		C08E550D243F1FF9002B02CF /* CoreDataTableViewController */ = {
			isa = PBXGroup;
			children = (
				C08E5514243F2446002B02CF /* MOC */,
				C08E550E243F1FF9002B02CF /* CoreDataTableViewController.h */,
				C08E550F243F1FF9002B02CF /* CoreDataTableViewController.m */,
			);
			name = CoreDataTableViewController;
			path = Photomania/CoreDataTableViewController;
			sourceTree = SOURCE_ROOT;
		};
		C08E5514243F2446002B02CF /* MOC */ = {
			isa = PBXGroup;
			children = (
				C08E5515243F2446002B02CF /* PhotomaniaAppDelegate+MOC.m */,
				C08E5516243F2446002B02CF /* PhotomaniaAppDelegate+MOC.h */,
			);
			path = MOC;
			sourceTree = "<group>";
		};
/* End PBXGroup section */

/* Begin PBXNativeTarget section */
		C08E545E243ED496002B02CF /* Photomania */ = {
			isa = PBXNativeTarget;
			buildConfigurationList = C08E5478243ED497002B02CF /* Build configuration list for PBXNativeTarget "Photomania" */;
			buildPhases = (
				C08E545B243ED496002B02CF /* Sources */,
				C08E545C243ED496002B02CF /* Frameworks */,
				C08E545D243ED496002B02CF /* Resources */,
			);
			buildRules = (
			);
			dependencies = (
			);
			name = Photomania;
			productName = Photomania;
			productReference = C08E545F243ED496002B02CF /* Photomania.app */;
			productType = "com.apple.product-type.application";
		};
/* End PBXNativeTarget section */

/* Begin PBXProject section */
		C08E5457243ED496002B02CF /* Project object */ = {
			isa = PBXProject;
			attributes = {
				LastUpgradeCheck = 1140;
				ORGANIZATIONNAME = "谷琪";
				TargetAttributes = {
					C08E545E243ED496002B02CF = {
						CreatedOnToolsVersion = 11.4;
					};
				};
			};
			buildConfigurationList = C08E545A243ED496002B02CF /* Build configuration list for PBXProject "Photomania" */;
			compatibilityVersion = "Xcode 9.3";
			developmentRegion = en;
			hasScannedForEncodings = 0;
			knownRegions = (
				en,
				Base,
			);
			mainGroup = C08E5456243ED496002B02CF;
			productRefGroup = C08E5460243ED496002B02CF /* Products */;
			projectDirPath = "";
			projectRoot = "";
			targets = (
				C08E545E243ED496002B02CF /* Photomania */,
			);
		};
/* End PBXProject section */

/* Begin PBXResourcesBuildPhase section */
		C08E545D243ED496002B02CF /* Resources */ = {
			isa = PBXResourcesBuildPhase;
			buildActionMask = 2147483647;
			files = (
				C08E5472243ED497002B02CF /* LaunchScreen.storyboard in Resources */,
				C08E546F243ED497002B02CF /* Assets.xcassets in Resources */,
				C08E546D243ED496002B02CF /* Main.storyboard in Resources */,
			);
			runOnlyForDeploymentPostprocessing = 0;
		};
/* End PBXResourcesBuildPhase section */

/* Begin PBXSourcesBuildPhase section */
		C08E545B243ED496002B02CF /* Sources */ = {
			isa = PBXSourcesBuildPhase;
			buildActionMask = 2147483647;
			files = (
				C08E546A243ED496002B02CF /* PhotomaniaViewController.m in Sources */,
				C08E547D243EE742002B02CF /* Photomania.xcdatamodeld in Sources */,
				C08E54C2243EF68D002B02CF /* Photo+CoreDataClass.m in Sources */,
				C08E5513243F203C002B02CF /* PhotographersCDTVC.m in Sources */,
				C08E54CB243EF8C9002B02CF /* Photo+Flickr.m in Sources */,
				C08E54C3243EF68D002B02CF /* Photo+CoreDataProperties.m in Sources */,
				C08E550C243F1D24002B02CF /* Photographer+Create.m in Sources */,
				C08E54C5243EF68D002B02CF /* Photographer+CoreDataProperties.m in Sources */,
				C08E5510243F1FF9002B02CF /* CoreDataTableViewController.m in Sources */,
				C08E5475243ED497002B02CF /* main.m in Sources */,
				C08E5509243F1ADC002B02CF /* FlickrFetcher.m in Sources */,
				C08E5517243F2446002B02CF /* PhotomaniaAppDelegate+MOC.m in Sources */,
				C08E54C4243EF68D002B02CF /* Photographer+CoreDataClass.m in Sources */,
				C08E5467243ED496002B02CF /* SceneDelegate.m in Sources */,
				C08E5519243F29BF002B02CF /* PhotomaniaAppDelegate.m in Sources */,
			);
			runOnlyForDeploymentPostprocessing = 0;
		};
/* End PBXSourcesBuildPhase section */

/* Begin PBXVariantGroup section */
		C08E546B243ED496002B02CF /* Main.storyboard */ = {
			isa = PBXVariantGroup;
			children = (
				C08E546C243ED496002B02CF /* Base */,
			);
			name = Main.storyboard;
			sourceTree = "<group>";
		};
		C08E5470243ED497002B02CF /* LaunchScreen.storyboard */ = {
			isa = PBXVariantGroup;
			children = (
				C08E5471243ED497002B02CF /* Base */,
			);
			name = LaunchScreen.storyboard;
			sourceTree = "<group>";
		};
/* End PBXVariantGroup section */

/* Begin XCBuildConfiguration section */
		C08E5476243ED497002B02CF /* Debug */ = {
			isa = XCBuildConfiguration;
			buildSettings = {
				ALWAYS_SEARCH_USER_PATHS = NO;
				CLANG_ANALYZER_NONNULL = YES;
				CLANG_ANALYZER_NUMBER_OBJECT_CONVERSION = YES_AGGRESSIVE;
				CLANG_CXX_LANGUAGE_STANDARD = "gnu++14";
				CLANG_CXX_LIBRARY = "libc++";
				CLANG_ENABLE_MODULES = YES;
				CLANG_ENABLE_OBJC_ARC = YES;
				CLANG_ENABLE_OBJC_WEAK = YES;
				CLANG_WARN_BLOCK_CAPTURE_AUTORELEASING = YES;
				CLANG_WARN_BOOL_CONVERSION = YES;
				CLANG_WARN_COMMA = YES;
				CLANG_WARN_CONSTANT_CONVERSION = YES;
				CLANG_WARN_DEPRECATED_OBJC_IMPLEMENTATIONS = YES;
				CLANG_WARN_DIRECT_OBJC_ISA_USAGE = YES_ERROR;
				CLANG_WARN_DOCUMENTATION_COMMENTS = YES;
				CLANG_WARN_EMPTY_BODY = YES;
				CLANG_WARN_ENUM_CONVERSION = YES;
				CLANG_WARN_INFINITE_RECURSION = YES;
				CLANG_WARN_INT_CONVERSION = YES;
				CLANG_WARN_NON_LITERAL_NULL_CONVERSION = YES;
				CLANG_WARN_OBJC_IMPLICIT_RETAIN_SELF = YES;
				CLANG_WARN_OBJC_LITERAL_CONVERSION = YES;
				CLANG_WARN_OBJC_ROOT_CLASS = YES_ERROR;
				CLANG_WARN_RANGE_LOOP_ANALYSIS = YES;
				CLANG_WARN_STRICT_PROTOTYPES = YES;
				CLANG_WARN_SUSPICIOUS_MOVE = YES;
				CLANG_WARN_UNGUARDED_AVAILABILITY = YES_AGGRESSIVE;
				CLANG_WARN_UNREACHABLE_CODE = YES;
				CLANG_WARN__DUPLICATE_METHOD_MATCH = YES;
				COPY_PHASE_STRIP = NO;
				DEBUG_INFORMATION_FORMAT = dwarf;
				ENABLE_STRICT_OBJC_MSGSEND = YES;
				ENABLE_TESTABILITY = YES;
				GCC_C_LANGUAGE_STANDARD = gnu11;
				GCC_DYNAMIC_NO_PIC = NO;
				GCC_NO_COMMON_BLOCKS = YES;
				GCC_OPTIMIZATION_LEVEL = 0;
				GCC_PREPROCESSOR_DEFINITIONS = (
					"DEBUG=1",
					"$(inherited)",
				);
				GCC_WARN_64_TO_32_BIT_CONVERSION = YES;
				GCC_WARN_ABOUT_RETURN_TYPE = YES_ERROR;
				GCC_WARN_UNDECLARED_SELECTOR = YES;
				GCC_WARN_UNINITIALIZED_AUTOS = YES_AGGRESSIVE;
				GCC_WARN_UNUSED_FUNCTION = YES;
				GCC_WARN_UNUSED_VARIABLE = YES;
				IPHONEOS_DEPLOYMENT_TARGET = 13.4;
				MTL_ENABLE_DEBUG_INFO = INCLUDE_SOURCE;
				MTL_FAST_MATH = YES;
				ONLY_ACTIVE_ARCH = YES;
				SDKROOT = iphoneos;
			};
			name = Debug;
		};
		C08E5477243ED497002B02CF /* Release */ = {
			isa = XCBuildConfiguration;
			buildSettings = {
				ALWAYS_SEARCH_USER_PATHS = NO;
				CLANG_ANALYZER_NONNULL = YES;
				CLANG_ANALYZER_NUMBER_OBJECT_CONVERSION = YES_AGGRESSIVE;
				CLANG_CXX_LANGUAGE_STANDARD = "gnu++14";
				CLANG_CXX_LIBRARY = "libc++";
				CLANG_ENABLE_MODULES = YES;
				CLANG_ENABLE_OBJC_ARC = YES;
				CLANG_ENABLE_OBJC_WEAK = YES;
				CLANG_WARN_BLOCK_CAPTURE_AUTORELEASING = YES;
				CLANG_WARN_BOOL_CONVERSION = YES;
				CLANG_WARN_COMMA = YES;
				CLANG_WARN_CONSTANT_CONVERSION = YES;
				CLANG_WARN_DEPRECATED_OBJC_IMPLEMENTATIONS = YES;
				CLANG_WARN_DIRECT_OBJC_ISA_USAGE = YES_ERROR;
				CLANG_WARN_DOCUMENTATION_COMMENTS = YES;
				CLANG_WARN_EMPTY_BODY = YES;
				CLANG_WARN_ENUM_CONVERSION = YES;
				CLANG_WARN_INFINITE_RECURSION = YES;
				CLANG_WARN_INT_CONVERSION = YES;
				CLANG_WARN_NON_LITERAL_NULL_CONVERSION = YES;
				CLANG_WARN_OBJC_IMPLICIT_RETAIN_SELF = YES;
				CLANG_WARN_OBJC_LITERAL_CONVERSION = YES;
				CLANG_WARN_OBJC_ROOT_CLASS = YES_ERROR;
				CLANG_WARN_RANGE_LOOP_ANALYSIS = YES;
				CLANG_WARN_STRICT_PROTOTYPES = YES;
				CLANG_WARN_SUSPICIOUS_MOVE = YES;
				CLANG_WARN_UNGUARDED_AVAILABILITY = YES_AGGRESSIVE;
				CLANG_WARN_UNREACHABLE_CODE = YES;
				CLANG_WARN__DUPLICATE_METHOD_MATCH = YES;
				COPY_PHASE_STRIP = NO;
				DEBUG_INFORMATION_FORMAT = "dwarf-with-dsym";
				ENABLE_NS_ASSERTIONS = NO;
				ENABLE_STRICT_OBJC_MSGSEND = YES;
				GCC_C_LANGUAGE_STANDARD = gnu11;
				GCC_NO_COMMON_BLOCKS = YES;
				GCC_WARN_64_TO_32_BIT_CONVERSION = YES;
				GCC_WARN_ABOUT_RETURN_TYPE = YES_ERROR;
				GCC_WARN_UNDECLARED_SELECTOR = YES;
				GCC_WARN_UNINITIALIZED_AUTOS = YES_AGGRESSIVE;
				GCC_WARN_UNUSED_FUNCTION = YES;
				GCC_WARN_UNUSED_VARIABLE = YES;
				IPHONEOS_DEPLOYMENT_TARGET = 13.4;
				MTL_ENABLE_DEBUG_INFO = NO;
				MTL_FAST_MATH = YES;
				SDKROOT = iphoneos;
				VALIDATE_PRODUCT = YES;
			};
			name = Release;
		};
		C08E5479243ED497002B02CF /* Debug */ = {
			isa = XCBuildConfiguration;
			buildSettings = {
				ASSETCATALOG_COMPILER_APPICON_NAME = AppIcon;
				CODE_SIGN_STYLE = Automatic;
				INFOPLIST_FILE = Photomania/Info.plist;
				LD_RUNPATH_SEARCH_PATHS = (
					"$(inherited)",
					"@executable_path/Frameworks",
				);
				PRODUCT_BUNDLE_IDENTIFIER = individual.guqi.Photomania;
				PRODUCT_NAME = "$(TARGET_NAME)";
				TARGETED_DEVICE_FAMILY = "1,2";
			};
			name = Debug;
		};
		C08E547A243ED497002B02CF /* Release */ = {
			isa = XCBuildConfiguration;
			buildSettings = {
				ASSETCATALOG_COMPILER_APPICON_NAME = AppIcon;
				CODE_SIGN_STYLE = Automatic;
				INFOPLIST_FILE = Photomania/Info.plist;
				LD_RUNPATH_SEARCH_PATHS = (
					"$(inherited)",
					"@executable_path/Frameworks",
				);
				PRODUCT_BUNDLE_IDENTIFIER = individual.guqi.Photomania;
				PRODUCT_NAME = "$(TARGET_NAME)";
				TARGETED_DEVICE_FAMILY = "1,2";
			};
			name = Release;
		};
/* End XCBuildConfiguration section */

/* Begin XCConfigurationList section */
		C08E545A243ED496002B02CF /* Build configuration list for PBXProject "Photomania" */ = {
			isa = XCConfigurationList;
			buildConfigurations = (
				C08E5476243ED497002B02CF /* Debug */,
				C08E5477243ED497002B02CF /* Release */,
			);
			defaultConfigurationIsVisible = 0;
			defaultConfigurationName = Release;
		};
		C08E5478243ED497002B02CF /* Build configuration list for PBXNativeTarget "Photomania" */ = {
			isa = XCConfigurationList;
			buildConfigurations = (
				C08E5479243ED497002B02CF /* Debug */,
				C08E547A243ED497002B02CF /* Release */,
			);
			defaultConfigurationIsVisible = 0;
			defaultConfigurationName = Release;
		};
/* End XCConfigurationList section */

/* Begin XCVersionGroup section */
		C08E547B243EE742002B02CF /* Photomania.xcdatamodeld */ = {
			isa = XCVersionGroup;
			children = (
				C08E547C243EE742002B02CF /* Photomania.xcdatamodel */,
			);
			currentVersion = C08E547C243EE742002B02CF /* Photomania.xcdatamodel */;
			path = Photomania.xcdatamodeld;
			sourceTree = SOURCE_ROOT;
			versionGroupType = wrapper.xcdatamodel;
		};
/* End XCVersionGroup section */
	};
	rootObject = C08E5457243ED496002B02CF /* Project object */;
}
