// !$*UTF8*$!
{
	archiveVersion = 1;
	classes = {
	};
	objectVersion = 50;
	objects = {

/* Begin PBXBuildFile section */
		C0308D5E243B442800FB7839 /* PlayingCardGameViewController.m in Sources */ = {isa = PBXBuildFile; fileRef = C0308D5D243B442800FB7839 /* PlayingCardGameViewController.m */; };
		C0791EE42436D66B006934EA /* AppDelegate.m in Sources */ = {isa = PBXBuildFile; fileRef = C0791EE32436D66B006934EA /* AppDelegate.m */; };
		C0791EE72436D66B006934EA /* SceneDelegate.m in Sources */ = {isa = PBXBuildFile; fileRef = C0791EE62436D66B006934EA /* SceneDelegate.m */; };
		C0791EEA2436D66B006934EA /* CardGameViewController.m in Sources */ = {isa = PBXBuildFile; fileRef = C0791EE92436D66B006934EA /* CardGameViewController.m */; };
		C0791EED2436D66B006934EA /* Main.storyboard in Resources */ = {isa = PBXBuildFile; fileRef = C0791EEB2436D66B006934EA /* Main.storyboard */; };
		C0791EEF2436D66B006934EA /* Assets.xcassets in Resources */ = {isa = PBXBuildFile; fileRef = C0791EEE2436D66B006934EA /* Assets.xcassets */; };
		C0791EF22436D66B006934EA /* LaunchScreen.storyboard in Resources */ = {isa = PBXBuildFile; fileRef = C0791EF02436D66B006934EA /* LaunchScreen.storyboard */; };
		C0791EF52436D66B006934EA /* main.m in Sources */ = {isa = PBXBuildFile; fileRef = C0791EF42436D66B006934EA /* main.m */; };
		C0791F0A2436F86D006934EA /* Card.m in Sources */ = {isa = PBXBuildFile; fileRef = C0791F092436F86D006934EA /* Card.m */; };
		C0791F0E2436FCE1006934EA /* Deck.m in Sources */ = {isa = PBXBuildFile; fileRef = C0791F0D2436FCE1006934EA /* Deck.m */; };
		C0791F1124370358006934EA /* PlayingCard.m in Sources */ = {isa = PBXBuildFile; fileRef = C0791F1024370358006934EA /* PlayingCard.m */; };
		C0791F1424370F32006934EA /* PlayingCardDeck.m in Sources */ = {isa = PBXBuildFile; fileRef = C0791F1324370F32006934EA /* PlayingCardDeck.m */; };
		C0791F1724371499006934EA /* CardMatchingGame.m in Sources */ = {isa = PBXBuildFile; fileRef = C0791F1624371499006934EA /* CardMatchingGame.m */; };
/* End PBXBuildFile section */

/* Begin PBXFileReference section */
		C0308D5C243B442800FB7839 /* PlayingCardGameViewController.h */ = {isa = PBXFileReference; lastKnownFileType = sourcecode.c.h; path = PlayingCardGameViewController.h; sourceTree = "<group>"; };
		C0308D5D243B442800FB7839 /* PlayingCardGameViewController.m */ = {isa = PBXFileReference; lastKnownFileType = sourcecode.c.objc; path = PlayingCardGameViewController.m; sourceTree = "<group>"; };
		C0791EDF2436D66B006934EA /* Matchisma.app */ = {isa = PBXFileReference; explicitFileType = wrapper.application; includeInIndex = 0; path = Matchisma.app; sourceTree = BUILT_PRODUCTS_DIR; };
		C0791EE22436D66B006934EA /* AppDelegate.h */ = {isa = PBXFileReference; lastKnownFileType = sourcecode.c.h; path = AppDelegate.h; sourceTree = "<group>"; };
		C0791EE32436D66B006934EA /* AppDelegate.m */ = {isa = PBXFileReference; lastKnownFileType = sourcecode.c.objc; path = AppDelegate.m; sourceTree = "<group>"; };
		C0791EE52436D66B006934EA /* SceneDelegate.h */ = {isa = PBXFileReference; lastKnownFileType = sourcecode.c.h; path = SceneDelegate.h; sourceTree = "<group>"; };
		C0791EE62436D66B006934EA /* SceneDelegate.m */ = {isa = PBXFileReference; lastKnownFileType = sourcecode.c.objc; path = SceneDelegate.m; sourceTree = "<group>"; };
		C0791EE82436D66B006934EA /* CardGameViewController.h */ = {isa = PBXFileReference; lastKnownFileType = sourcecode.c.h; path = CardGameViewController.h; sourceTree = "<group>"; };
		C0791EE92436D66B006934EA /* CardGameViewController.m */ = {isa = PBXFileReference; lastKnownFileType = sourcecode.c.objc; path = CardGameViewController.m; sourceTree = "<group>"; };
		C0791EEC2436D66B006934EA /* Base */ = {isa = PBXFileReference; lastKnownFileType = file.storyboard; name = Base; path = Base.lproj/Main.storyboard; sourceTree = "<group>"; };
		C0791EEE2436D66B006934EA /* Assets.xcassets */ = {isa = PBXFileReference; lastKnownFileType = folder.assetcatalog; path = Assets.xcassets; sourceTree = "<group>"; };
		C0791EF12436D66B006934EA /* Base */ = {isa = PBXFileReference; lastKnownFileType = file.storyboard; name = Base; path = Base.lproj/LaunchScreen.storyboard; sourceTree = "<group>"; };
		C0791EF32436D66B006934EA /* Info.plist */ = {isa = PBXFileReference; lastKnownFileType = text.plist.xml; path = Info.plist; sourceTree = "<group>"; };
		C0791EF42436D66B006934EA /* main.m */ = {isa = PBXFileReference; lastKnownFileType = sourcecode.c.objc; path = main.m; sourceTree = "<group>"; };
		C0791F082436F86D006934EA /* Card.h */ = {isa = PBXFileReference; lastKnownFileType = sourcecode.c.h; path = Card.h; sourceTree = "<group>"; };
		C0791F092436F86D006934EA /* Card.m */ = {isa = PBXFileReference; lastKnownFileType = sourcecode.c.objc; path = Card.m; sourceTree = "<group>"; };
		C0791F0C2436FCE1006934EA /* Deck.h */ = {isa = PBXFileReference; lastKnownFileType = sourcecode.c.h; path = Deck.h; sourceTree = "<group>"; };
		C0791F0D2436FCE1006934EA /* Deck.m */ = {isa = PBXFileReference; lastKnownFileType = sourcecode.c.objc; path = Deck.m; sourceTree = "<group>"; };
		C0791F0F24370358006934EA /* PlayingCard.h */ = {isa = PBXFileReference; lastKnownFileType = sourcecode.c.h; path = PlayingCard.h; sourceTree = "<group>"; };
		C0791F1024370358006934EA /* PlayingCard.m */ = {isa = PBXFileReference; lastKnownFileType = sourcecode.c.objc; path = PlayingCard.m; sourceTree = "<group>"; };
		C0791F1224370F32006934EA /* PlayingCardDeck.h */ = {isa = PBXFileReference; lastKnownFileType = sourcecode.c.h; path = PlayingCardDeck.h; sourceTree = "<group>"; };
		C0791F1324370F32006934EA /* PlayingCardDeck.m */ = {isa = PBXFileReference; lastKnownFileType = sourcecode.c.objc; path = PlayingCardDeck.m; sourceTree = "<group>"; };
		C0791F1524371499006934EA /* CardMatchingGame.h */ = {isa = PBXFileReference; lastKnownFileType = sourcecode.c.h; path = CardMatchingGame.h; sourceTree = "<group>"; };
		C0791F1624371499006934EA /* CardMatchingGame.m */ = {isa = PBXFileReference; lastKnownFileType = sourcecode.c.objc; path = CardMatchingGame.m; sourceTree = "<group>"; };
/* End PBXFileReference section */

/* Begin PBXFrameworksBuildPhase section */
		C0791EDC2436D66B006934EA /* Frameworks */ = {
			isa = PBXFrameworksBuildPhase;
			buildActionMask = 2147483647;
			files = (
			);
			runOnlyForDeploymentPostprocessing = 0;
		};
/* End PBXFrameworksBuildPhase section */

/* Begin PBXGroup section */
		C0791ED62436D66B006934EA = {
			isa = PBXGroup;
			children = (
				C0791F0B2436F879006934EA /* Model */,
				C0791EE12436D66B006934EA /* Matchisma */,
				C0791EE02436D66B006934EA /* Products */,
			);
			sourceTree = "<group>";
		};
		C0791EE02436D66B006934EA /* Products */ = {
			isa = PBXGroup;
			children = (
				C0791EDF2436D66B006934EA /* Matchisma.app */,
			);
			name = Products;
			sourceTree = "<group>";
		};
		C0791EE12436D66B006934EA /* Matchisma */ = {
			isa = PBXGroup;
			children = (
				C0308D5C243B442800FB7839 /* PlayingCardGameViewController.h */,
				C0308D5D243B442800FB7839 /* PlayingCardGameViewController.m */,
				C0791EE22436D66B006934EA /* AppDelegate.h */,
				C0791EE32436D66B006934EA /* AppDelegate.m */,
				C0791EE52436D66B006934EA /* SceneDelegate.h */,
				C0791EE62436D66B006934EA /* SceneDelegate.m */,
				C0791EE82436D66B006934EA /* CardGameViewController.h */,
				C0791EE92436D66B006934EA /* CardGameViewController.m */,
				C0791EEB2436D66B006934EA /* Main.storyboard */,
				C0791EEE2436D66B006934EA /* Assets.xcassets */,
				C0791EF02436D66B006934EA /* LaunchScreen.storyboard */,
				C0791EF32436D66B006934EA /* Info.plist */,
				C0791EF42436D66B006934EA /* main.m */,
			);
			path = Matchisma;
			sourceTree = "<group>";
		};
		C0791F0B2436F879006934EA /* Model */ = {
			isa = PBXGroup;
			children = (
				C0791F1524371499006934EA /* CardMatchingGame.h */,
				C0791F1624371499006934EA /* CardMatchingGame.m */,
				C0791F0F24370358006934EA /* PlayingCard.h */,
				C0791F1024370358006934EA /* PlayingCard.m */,
				C0791F0C2436FCE1006934EA /* Deck.h */,
				C0791F0D2436FCE1006934EA /* Deck.m */,
				C0791F082436F86D006934EA /* Card.h */,
				C0791F1224370F32006934EA /* PlayingCardDeck.h */,
				C0791F1324370F32006934EA /* PlayingCardDeck.m */,
				C0791F092436F86D006934EA /* Card.m */,
			);
			path = Model;
			sourceTree = "<group>";
		};
/* End PBXGroup section */

/* Begin PBXNativeTarget section */
		C0791EDE2436D66B006934EA /* Matchisma */ = {
			isa = PBXNativeTarget;
			buildConfigurationList = C0791EF82436D66B006934EA /* Build configuration list for PBXNativeTarget "Matchisma" */;
			buildPhases = (
				C0791EDB2436D66B006934EA /* Sources */,
				C0791EDC2436D66B006934EA /* Frameworks */,
				C0791EDD2436D66B006934EA /* Resources */,
			);
			buildRules = (
			);
			dependencies = (
			);
			name = Matchisma;
			productName = Matchisma;
			productReference = C0791EDF2436D66B006934EA /* Matchisma.app */;
			productType = "com.apple.product-type.application";
		};
/* End PBXNativeTarget section */

/* Begin PBXProject section */
		C0791ED72436D66B006934EA /* Project object */ = {
			isa = PBXProject;
			attributes = {
				LastUpgradeCheck = 1140;
				ORGANIZATIONNAME = "谷琪";
				TargetAttributes = {
					C0791EDE2436D66B006934EA = {
						CreatedOnToolsVersion = 11.4;
					};
				};
			};
			buildConfigurationList = C0791EDA2436D66B006934EA /* Build configuration list for PBXProject "Matchisma" */;
			compatibilityVersion = "Xcode 9.3";
			developmentRegion = en;
			hasScannedForEncodings = 0;
			knownRegions = (
				en,
				Base,
			);
			mainGroup = C0791ED62436D66B006934EA;
			productRefGroup = C0791EE02436D66B006934EA /* Products */;
			projectDirPath = "";
			projectRoot = "";
			targets = (
				C0791EDE2436D66B006934EA /* Matchisma */,
			);
		};
/* End PBXProject section */

/* Begin PBXResourcesBuildPhase section */
		C0791EDD2436D66B006934EA /* Resources */ = {
			isa = PBXResourcesBuildPhase;
			buildActionMask = 2147483647;
			files = (
				C0791EF22436D66B006934EA /* LaunchScreen.storyboard in Resources */,
				C0791EEF2436D66B006934EA /* Assets.xcassets in Resources */,
				C0791EED2436D66B006934EA /* Main.storyboard in Resources */,
			);
			runOnlyForDeploymentPostprocessing = 0;
		};
/* End PBXResourcesBuildPhase section */

/* Begin PBXSourcesBuildPhase section */
		C0791EDB2436D66B006934EA /* Sources */ = {
			isa = PBXSourcesBuildPhase;
			buildActionMask = 2147483647;
			files = (
				C0791F0A2436F86D006934EA /* Card.m in Sources */,
				C0791F1424370F32006934EA /* PlayingCardDeck.m in Sources */,
				C0791EEA2436D66B006934EA /* CardGameViewController.m in Sources */,
				C0308D5E243B442800FB7839 /* PlayingCardGameViewController.m in Sources */,
				C0791F1724371499006934EA /* CardMatchingGame.m in Sources */,
				C0791F1124370358006934EA /* PlayingCard.m in Sources */,
				C0791EE42436D66B006934EA /* AppDelegate.m in Sources */,
				C0791EF52436D66B006934EA /* main.m in Sources */,
				C0791F0E2436FCE1006934EA /* Deck.m in Sources */,
				C0791EE72436D66B006934EA /* SceneDelegate.m in Sources */,
			);
			runOnlyForDeploymentPostprocessing = 0;
		};
/* End PBXSourcesBuildPhase section */

/* Begin PBXVariantGroup section */
		C0791EEB2436D66B006934EA /* Main.storyboard */ = {
			isa = PBXVariantGroup;
			children = (
				C0791EEC2436D66B006934EA /* Base */,
			);
			name = Main.storyboard;
			sourceTree = "<group>";
		};
		C0791EF02436D66B006934EA /* LaunchScreen.storyboard */ = {
			isa = PBXVariantGroup;
			children = (
				C0791EF12436D66B006934EA /* Base */,
			);
			name = LaunchScreen.storyboard;
			sourceTree = "<group>";
		};
/* End PBXVariantGroup section */

/* Begin XCBuildConfiguration section */
		C0791EF62436D66B006934EA /* Debug */ = {
			isa = XCBuildConfiguration;
			buildSettings = {
				ALWAYS_SEARCH_USER_PATHS = NO;
				CLANG_ANALYZER_NONNULL = YES;
				CLANG_ANALYZER_NUMBER_OBJECT_CONVERSION = YES_AGGRESSIVE;
				CLANG_CXX_LANGUAGE_STANDARD = "gnu++14";
				CLANG_CXX_LIBRARY = "libc++";
				CLANG_ENABLE_MODULES = YES;
				CLANG_ENABLE_OBJC_ARC = YES;
				CLANG_ENABLE_OBJC_WEAK = YES;
				CLANG_WARN_BLOCK_CAPTURE_AUTORELEASING = YES;
				CLANG_WARN_BOOL_CONVERSION = YES;
				CLANG_WARN_COMMA = YES;
				CLANG_WARN_CONSTANT_CONVERSION = YES;
				CLANG_WARN_DEPRECATED_OBJC_IMPLEMENTATIONS = YES;
				CLANG_WARN_DIRECT_OBJC_ISA_USAGE = YES_ERROR;
				CLANG_WARN_DOCUMENTATION_COMMENTS = YES;
				CLANG_WARN_EMPTY_BODY = YES;
				CLANG_WARN_ENUM_CONVERSION = YES;
				CLANG_WARN_INFINITE_RECURSION = YES;
				CLANG_WARN_INT_CONVERSION = YES;
				CLANG_WARN_NON_LITERAL_NULL_CONVERSION = YES;
				CLANG_WARN_OBJC_IMPLICIT_RETAIN_SELF = YES;
				CLANG_WARN_OBJC_LITERAL_CONVERSION = YES;
				CLANG_WARN_OBJC_ROOT_CLASS = YES_ERROR;
				CLANG_WARN_RANGE_LOOP_ANALYSIS = YES;
				CLANG_WARN_STRICT_PROTOTYPES = YES;
				CLANG_WARN_SUSPICIOUS_MOVE = YES;
				CLANG_WARN_UNGUARDED_AVAILABILITY = YES_AGGRESSIVE;
				CLANG_WARN_UNREACHABLE_CODE = YES;
				CLANG_WARN__DUPLICATE_METHOD_MATCH = YES;
				COPY_PHASE_STRIP = NO;
				DEBUG_INFORMATION_FORMAT = dwarf;
				ENABLE_STRICT_OBJC_MSGSEND = YES;
				ENABLE_TESTABILITY = YES;
				GCC_C_LANGUAGE_STANDARD = gnu11;
				GCC_DYNAMIC_NO_PIC = NO;
				GCC_NO_COMMON_BLOCKS = YES;
				GCC_OPTIMIZATION_LEVEL = 0;
				GCC_PREPROCESSOR_DEFINITIONS = (
					"DEBUG=1",
					"$(inherited)",
				);
				GCC_WARN_64_TO_32_BIT_CONVERSION = YES;
				GCC_WARN_ABOUT_RETURN_TYPE = YES_ERROR;
				GCC_WARN_UNDECLARED_SELECTOR = YES;
				GCC_WARN_UNINITIALIZED_AUTOS = YES_AGGRESSIVE;
				GCC_WARN_UNUSED_FUNCTION = YES;
				GCC_WARN_UNUSED_VARIABLE = YES;
				IPHONEOS_DEPLOYMENT_TARGET = 13.4;
				MTL_ENABLE_DEBUG_INFO = INCLUDE_SOURCE;
				MTL_FAST_MATH = YES;
				ONLY_ACTIVE_ARCH = YES;
				SDKROOT = iphoneos;
			};
			name = Debug;
		};
		C0791EF72436D66B006934EA /* Release */ = {
			isa = XCBuildConfiguration;
			buildSettings = {
				ALWAYS_SEARCH_USER_PATHS = NO;
				CLANG_ANALYZER_NONNULL = YES;
				CLANG_ANALYZER_NUMBER_OBJECT_CONVERSION = YES_AGGRESSIVE;
				CLANG_CXX_LANGUAGE_STANDARD = "gnu++14";
				CLANG_CXX_LIBRARY = "libc++";
				CLANG_ENABLE_MODULES = YES;
				CLANG_ENABLE_OBJC_ARC = YES;
				CLANG_ENABLE_OBJC_WEAK = YES;
				CLANG_WARN_BLOCK_CAPTURE_AUTORELEASING = YES;
				CLANG_WARN_BOOL_CONVERSION = YES;
				CLANG_WARN_COMMA = YES;
				CLANG_WARN_CONSTANT_CONVERSION = YES;
				CLANG_WARN_DEPRECATED_OBJC_IMPLEMENTATIONS = YES;
				CLANG_WARN_DIRECT_OBJC_ISA_USAGE = YES_ERROR;
				CLANG_WARN_DOCUMENTATION_COMMENTS = YES;
				CLANG_WARN_EMPTY_BODY = YES;
				CLANG_WARN_ENUM_CONVERSION = YES;
				CLANG_WARN_INFINITE_RECURSION = YES;
				CLANG_WARN_INT_CONVERSION = YES;
				CLANG_WARN_NON_LITERAL_NULL_CONVERSION = YES;
				CLANG_WARN_OBJC_IMPLICIT_RETAIN_SELF = YES;
				CLANG_WARN_OBJC_LITERAL_CONVERSION = YES;
				CLANG_WARN_OBJC_ROOT_CLASS = YES_ERROR;
				CLANG_WARN_RANGE_LOOP_ANALYSIS = YES;
				CLANG_WARN_STRICT_PROTOTYPES = YES;
				CLANG_WARN_SUSPICIOUS_MOVE = YES;
				CLANG_WARN_UNGUARDED_AVAILABILITY = YES_AGGRESSIVE;
				CLANG_WARN_UNREACHABLE_CODE = YES;
				CLANG_WARN__DUPLICATE_METHOD_MATCH = YES;
				COPY_PHASE_STRIP = NO;
				DEBUG_INFORMATION_FORMAT = "dwarf-with-dsym";
				ENABLE_NS_ASSERTIONS = NO;
				ENABLE_STRICT_OBJC_MSGSEND = YES;
				GCC_C_LANGUAGE_STANDARD = gnu11;
				GCC_NO_COMMON_BLOCKS = YES;
				GCC_WARN_64_TO_32_BIT_CONVERSION = YES;
				GCC_WARN_ABOUT_RETURN_TYPE = YES_ERROR;
				GCC_WARN_UNDECLARED_SELECTOR = YES;
				GCC_WARN_UNINITIALIZED_AUTOS = YES_AGGRESSIVE;
				GCC_WARN_UNUSED_FUNCTION = YES;
				GCC_WARN_UNUSED_VARIABLE = YES;
				IPHONEOS_DEPLOYMENT_TARGET = 13.4;
				MTL_ENABLE_DEBUG_INFO = NO;
				MTL_FAST_MATH = YES;
				SDKROOT = iphoneos;
				VALIDATE_PRODUCT = YES;
			};
			name = Release;
		};
		C0791EF92436D66B006934EA /* Debug */ = {
			isa = XCBuildConfiguration;
			buildSettings = {
				ASSETCATALOG_COMPILER_APPICON_NAME = AppIcon;
				CLANG_ENABLE_OBJC_WEAK = YES;
				CODE_SIGN_STYLE = Automatic;
				INFOPLIST_FILE = Matchisma/Info.plist;
				LD_RUNPATH_SEARCH_PATHS = (
					"$(inherited)",
					"@executable_path/Frameworks",
				);
				PRODUCT_BUNDLE_IDENTIFIER = individual.guqi.Matchisma;
				PRODUCT_NAME = "$(TARGET_NAME)";
				TARGETED_DEVICE_FAMILY = "1,2";
			};
			name = Debug;
		};
		C0791EFA2436D66B006934EA /* Release */ = {
			isa = XCBuildConfiguration;
			buildSettings = {
				ASSETCATALOG_COMPILER_APPICON_NAME = AppIcon;
				CLANG_ENABLE_OBJC_WEAK = YES;
				CODE_SIGN_STYLE = Automatic;
				INFOPLIST_FILE = Matchisma/Info.plist;
				LD_RUNPATH_SEARCH_PATHS = (
					"$(inherited)",
					"@executable_path/Frameworks",
				);
				PRODUCT_BUNDLE_IDENTIFIER = individual.guqi.Matchisma;
				PRODUCT_NAME = "$(TARGET_NAME)";
				TARGETED_DEVICE_FAMILY = "1,2";
			};
			name = Release;
		};
/* End XCBuildConfiguration section */

/* Begin XCConfigurationList section */
		C0791EDA2436D66B006934EA /* Build configuration list for PBXProject "Matchisma" */ = {
			isa = XCConfigurationList;
			buildConfigurations = (
				C0791EF62436D66B006934EA /* Debug */,
				C0791EF72436D66B006934EA /* Release */,
			);
			defaultConfigurationIsVisible = 0;
			defaultConfigurationName = Release;
		};
		C0791EF82436D66B006934EA /* Build configuration list for PBXNativeTarget "Matchisma" */ = {
			isa = XCConfigurationList;
			buildConfigurations = (
				C0791EF92436D66B006934EA /* Debug */,
				C0791EFA2436D66B006934EA /* Release */,
			);
			defaultConfigurationIsVisible = 0;
			defaultConfigurationName = Release;
		};
/* End XCConfigurationList section */
	};
	rootObject = C0791ED72436D66B006934EA /* Project object */;
}
